// !$*UTF8*$!
{
	archiveVersion = 1;
	classes = {
	};
	objectVersion = 55;
	objects = {

/* Begin PBXBuildFile section */
		06B7785F2A1A5E3600307E17 /* ProfilePresenter.swift in Sources */ = {isa = PBXBuildFile; fileRef = 06B7785B2A1A5E3600307E17 /* ProfilePresenter.swift */; };
		06B778602A1A5E3600307E17 /* ProfileRouter.swift in Sources */ = {isa = PBXBuildFile; fileRef = 06B7785C2A1A5E3600307E17 /* ProfileRouter.swift */; };
		06B778612A1A5E3600307E17 /* ProfileViewController.swift in Sources */ = {isa = PBXBuildFile; fileRef = 06B7785D2A1A5E3600307E17 /* ProfileViewController.swift */; };
		06B778622A1A5E3600307E17 /* ProfileModuleConfigurator.swift in Sources */ = {isa = PBXBuildFile; fileRef = 06B7785E2A1A5E3600307E17 /* ProfileModuleConfigurator.swift */; };
		06B778692A1A5E5D00307E17 /* RoomsPresenter.swift in Sources */ = {isa = PBXBuildFile; fileRef = 06B778652A1A5E5D00307E17 /* RoomsPresenter.swift */; };
		06B7786A2A1A5E5D00307E17 /* RoomsRouter.swift in Sources */ = {isa = PBXBuildFile; fileRef = 06B778662A1A5E5D00307E17 /* RoomsRouter.swift */; };
		06B7786B2A1A5E5D00307E17 /* RoomsViewController.swift in Sources */ = {isa = PBXBuildFile; fileRef = 06B778672A1A5E5D00307E17 /* RoomsViewController.swift */; };
		06B7786C2A1A5E5D00307E17 /* RoomsModuleConfigurator.swift in Sources */ = {isa = PBXBuildFile; fileRef = 06B778682A1A5E5D00307E17 /* RoomsModuleConfigurator.swift */; };
		06B7786E2A1A5EE000307E17 /* TabBarViewController.swift in Sources */ = {isa = PBXBuildFile; fileRef = 06B7786D2A1A5EE000307E17 /* TabBarViewController.swift */; };
		06B778702A1A6F3D00307E17 /* User.swift in Sources */ = {isa = PBXBuildFile; fileRef = 06B7786F2A1A6F3D00307E17 /* User.swift */; };
		06B778722A1A720D00307E17 /* RoomCollectionViewCell.swift in Sources */ = {isa = PBXBuildFile; fileRef = 06B778712A1A720D00307E17 /* RoomCollectionViewCell.swift */; };
		06B778742A1A759200307E17 /* TitleCollectionViewCell.swift in Sources */ = {isa = PBXBuildFile; fileRef = 06B778732A1A759200307E17 /* TitleCollectionViewCell.swift */; };
		06B778762A1A7B2A00307E17 /* Room.swift in Sources */ = {isa = PBXBuildFile; fileRef = 06B778752A1A7B2A00307E17 /* Room.swift */; };
		06ED58222A1A825E009EB119 /* AddKeyPresenter.swift in Sources */ = {isa = PBXBuildFile; fileRef = 06ED581E2A1A825E009EB119 /* AddKeyPresenter.swift */; };
		06ED58232A1A825E009EB119 /* AddKeyRouter.swift in Sources */ = {isa = PBXBuildFile; fileRef = 06ED581F2A1A825E009EB119 /* AddKeyRouter.swift */; };
		06ED58242A1A825E009EB119 /* AddKeyViewController.swift in Sources */ = {isa = PBXBuildFile; fileRef = 06ED58202A1A825E009EB119 /* AddKeyViewController.swift */; };
		06ED58252A1A825E009EB119 /* AddKeyModuleConfigurator.swift in Sources */ = {isa = PBXBuildFile; fileRef = 06ED58212A1A825E009EB119 /* AddKeyModuleConfigurator.swift */; };
		5E46ED9F2A17C42800F3FFAD /* AuthorizationPresenter.swift in Sources */ = {isa = PBXBuildFile; fileRef = 5E46ED9B2A17C42800F3FFAD /* AuthorizationPresenter.swift */; };
		5E46EDA02A17C42800F3FFAD /* AuthorizationRouter.swift in Sources */ = {isa = PBXBuildFile; fileRef = 5E46ED9C2A17C42800F3FFAD /* AuthorizationRouter.swift */; };
		5E46EDA12A17C42800F3FFAD /* AuthorizationViewController.swift in Sources */ = {isa = PBXBuildFile; fileRef = 5E46ED9D2A17C42800F3FFAD /* AuthorizationViewController.swift */; };
		5E46EDA22A17C42800F3FFAD /* AuthorizationModuleConfigurator.swift in Sources */ = {isa = PBXBuildFile; fileRef = 5E46ED9E2A17C42800F3FFAD /* AuthorizationModuleConfigurator.swift */; };
		5E46EDA72A17C92B00F3FFAD /* RegistrationPresenter.swift in Sources */ = {isa = PBXBuildFile; fileRef = 5E46EDA32A17C92B00F3FFAD /* RegistrationPresenter.swift */; };
		5E46EDA82A17C92B00F3FFAD /* RegistrationRouter.swift in Sources */ = {isa = PBXBuildFile; fileRef = 5E46EDA42A17C92B00F3FFAD /* RegistrationRouter.swift */; };
		5E46EDA92A17C92B00F3FFAD /* RegistrationViewController.swift in Sources */ = {isa = PBXBuildFile; fileRef = 5E46EDA52A17C92B00F3FFAD /* RegistrationViewController.swift */; };
		5E46EDAA2A17C92B00F3FFAD /* RegistrationModuleConfigurator.swift in Sources */ = {isa = PBXBuildFile; fileRef = 5E46EDA62A17C92B00F3FFAD /* RegistrationModuleConfigurator.swift */; };
		5E46EDAC2A17D05B00F3FFAD /* LogInFactory.swift in Sources */ = {isa = PBXBuildFile; fileRef = 5E46EDAB2A17D05B00F3FFAD /* LogInFactory.swift */; };
		5E46EDAF2A17D10E00F3FFAD /* UITextField+Extension.swift in Sources */ = {isa = PBXBuildFile; fileRef = 5E46EDAE2A17D10E00F3FFAD /* UITextField+Extension.swift */; };
		5E46EDB12A17D50800F3FFAD /* UIColor+ColorPalette.swift in Sources */ = {isa = PBXBuildFile; fileRef = 5E46EDB02A17D50800F3FFAD /* UIColor+ColorPalette.swift */; };
		5E46EDB32A17D94400F3FFAD /* LogInModule.swift in Sources */ = {isa = PBXBuildFile; fileRef = 5E46EDB22A17D94400F3FFAD /* LogInModule.swift */; };
		5E89BA2B2A17BAE3005E3381 /* AppDelegate.swift in Sources */ = {isa = PBXBuildFile; fileRef = 5E89BA2A2A17BAE3005E3381 /* AppDelegate.swift */; };
		5E89BA2D2A17BAE3005E3381 /* SceneDelegate.swift in Sources */ = {isa = PBXBuildFile; fileRef = 5E89BA2C2A17BAE3005E3381 /* SceneDelegate.swift */; };
		5E89BA342A17BAE5005E3381 /* Assets.xcassets in Resources */ = {isa = PBXBuildFile; fileRef = 5E89BA332A17BAE5005E3381 /* Assets.xcassets */; };
		5E89BA372A17BAE5005E3381 /* LaunchScreen.storyboard in Resources */ = {isa = PBXBuildFile; fileRef = 5E89BA352A17BAE5005E3381 /* LaunchScreen.storyboard */; };
		9D81CC602A1CFAF200EBC621 /* SecureSettingsKeeper.swift in Sources */ = {isa = PBXBuildFile; fileRef = 9D81CC5F2A1CFAF200EBC621 /* SecureSettingsKeeper.swift */; };
		9D81CC662A1CFB2300EBC621 /* SecureStorage+Token.swift in Sources */ = {isa = PBXBuildFile; fileRef = 9D81CC632A1CFB2300EBC621 /* SecureStorage+Token.swift */; };
		9D81CC672A1CFB2300EBC621 /* SecureStorage+PropertyWraper.swift in Sources */ = {isa = PBXBuildFile; fileRef = 9D81CC642A1CFB2300EBC621 /* SecureStorage+PropertyWraper.swift */; };
		9D81CC682A1CFB2300EBC621 /* SecureStorage.swift in Sources */ = {isa = PBXBuildFile; fileRef = 9D81CC652A1CFB2300EBC621 /* SecureStorage.swift */; };
/* End PBXBuildFile section */

/* Begin PBXFileReference section */
		06B7785B2A1A5E3600307E17 /* ProfilePresenter.swift */ = {isa = PBXFileReference; lastKnownFileType = sourcecode.swift; path = ProfilePresenter.swift; sourceTree = "<group>"; };
		06B7785C2A1A5E3600307E17 /* ProfileRouter.swift */ = {isa = PBXFileReference; lastKnownFileType = sourcecode.swift; path = ProfileRouter.swift; sourceTree = "<group>"; };
		06B7785D2A1A5E3600307E17 /* ProfileViewController.swift */ = {isa = PBXFileReference; lastKnownFileType = sourcecode.swift; path = ProfileViewController.swift; sourceTree = "<group>"; };
		06B7785E2A1A5E3600307E17 /* ProfileModuleConfigurator.swift */ = {isa = PBXFileReference; lastKnownFileType = sourcecode.swift; path = ProfileModuleConfigurator.swift; sourceTree = "<group>"; };
		06B778652A1A5E5D00307E17 /* RoomsPresenter.swift */ = {isa = PBXFileReference; lastKnownFileType = sourcecode.swift; path = RoomsPresenter.swift; sourceTree = "<group>"; };
		06B778662A1A5E5D00307E17 /* RoomsRouter.swift */ = {isa = PBXFileReference; lastKnownFileType = sourcecode.swift; path = RoomsRouter.swift; sourceTree = "<group>"; };
		06B778672A1A5E5D00307E17 /* RoomsViewController.swift */ = {isa = PBXFileReference; lastKnownFileType = sourcecode.swift; path = RoomsViewController.swift; sourceTree = "<group>"; };
		06B778682A1A5E5D00307E17 /* RoomsModuleConfigurator.swift */ = {isa = PBXFileReference; lastKnownFileType = sourcecode.swift; path = RoomsModuleConfigurator.swift; sourceTree = "<group>"; };
		06B7786D2A1A5EE000307E17 /* TabBarViewController.swift */ = {isa = PBXFileReference; lastKnownFileType = sourcecode.swift; path = TabBarViewController.swift; sourceTree = "<group>"; };
		06B7786F2A1A6F3D00307E17 /* User.swift */ = {isa = PBXFileReference; lastKnownFileType = sourcecode.swift; path = User.swift; sourceTree = "<group>"; };
		06B778712A1A720D00307E17 /* RoomCollectionViewCell.swift */ = {isa = PBXFileReference; lastKnownFileType = sourcecode.swift; path = RoomCollectionViewCell.swift; sourceTree = "<group>"; };
		06B778732A1A759200307E17 /* TitleCollectionViewCell.swift */ = {isa = PBXFileReference; lastKnownFileType = sourcecode.swift; path = TitleCollectionViewCell.swift; sourceTree = "<group>"; };
		06B778752A1A7B2A00307E17 /* Room.swift */ = {isa = PBXFileReference; lastKnownFileType = sourcecode.swift; path = Room.swift; sourceTree = "<group>"; };
		06ED581E2A1A825E009EB119 /* AddKeyPresenter.swift */ = {isa = PBXFileReference; lastKnownFileType = sourcecode.swift; path = AddKeyPresenter.swift; sourceTree = "<group>"; };
		06ED581F2A1A825E009EB119 /* AddKeyRouter.swift */ = {isa = PBXFileReference; lastKnownFileType = sourcecode.swift; path = AddKeyRouter.swift; sourceTree = "<group>"; };
		06ED58202A1A825E009EB119 /* AddKeyViewController.swift */ = {isa = PBXFileReference; lastKnownFileType = sourcecode.swift; path = AddKeyViewController.swift; sourceTree = "<group>"; };
		06ED58212A1A825E009EB119 /* AddKeyModuleConfigurator.swift */ = {isa = PBXFileReference; lastKnownFileType = sourcecode.swift; path = AddKeyModuleConfigurator.swift; sourceTree = "<group>"; };
		5E46ED9B2A17C42800F3FFAD /* AuthorizationPresenter.swift */ = {isa = PBXFileReference; lastKnownFileType = sourcecode.swift; path = AuthorizationPresenter.swift; sourceTree = "<group>"; };
		5E46ED9C2A17C42800F3FFAD /* AuthorizationRouter.swift */ = {isa = PBXFileReference; lastKnownFileType = sourcecode.swift; path = AuthorizationRouter.swift; sourceTree = "<group>"; };
		5E46ED9D2A17C42800F3FFAD /* AuthorizationViewController.swift */ = {isa = PBXFileReference; lastKnownFileType = sourcecode.swift; path = AuthorizationViewController.swift; sourceTree = "<group>"; };
		5E46ED9E2A17C42800F3FFAD /* AuthorizationModuleConfigurator.swift */ = {isa = PBXFileReference; lastKnownFileType = sourcecode.swift; path = AuthorizationModuleConfigurator.swift; sourceTree = "<group>"; };
		5E46EDA32A17C92B00F3FFAD /* RegistrationPresenter.swift */ = {isa = PBXFileReference; lastKnownFileType = sourcecode.swift; path = RegistrationPresenter.swift; sourceTree = "<group>"; };
		5E46EDA42A17C92B00F3FFAD /* RegistrationRouter.swift */ = {isa = PBXFileReference; lastKnownFileType = sourcecode.swift; path = RegistrationRouter.swift; sourceTree = "<group>"; };
		5E46EDA52A17C92B00F3FFAD /* RegistrationViewController.swift */ = {isa = PBXFileReference; lastKnownFileType = sourcecode.swift; path = RegistrationViewController.swift; sourceTree = "<group>"; };
		5E46EDA62A17C92B00F3FFAD /* RegistrationModuleConfigurator.swift */ = {isa = PBXFileReference; lastKnownFileType = sourcecode.swift; path = RegistrationModuleConfigurator.swift; sourceTree = "<group>"; };
		5E46EDAB2A17D05B00F3FFAD /* LogInFactory.swift */ = {isa = PBXFileReference; lastKnownFileType = sourcecode.swift; path = LogInFactory.swift; sourceTree = "<group>"; };
		5E46EDAE2A17D10E00F3FFAD /* UITextField+Extension.swift */ = {isa = PBXFileReference; lastKnownFileType = sourcecode.swift; path = "UITextField+Extension.swift"; sourceTree = "<group>"; };
		5E46EDB02A17D50800F3FFAD /* UIColor+ColorPalette.swift */ = {isa = PBXFileReference; lastKnownFileType = sourcecode.swift; path = "UIColor+ColorPalette.swift"; sourceTree = "<group>"; };
		5E46EDB22A17D94400F3FFAD /* LogInModule.swift */ = {isa = PBXFileReference; lastKnownFileType = sourcecode.swift; path = LogInModule.swift; sourceTree = "<group>"; };
		5E89BA272A17BAE3005E3381 /* Client-Alias.app */ = {isa = PBXFileReference; explicitFileType = wrapper.application; includeInIndex = 0; path = "Client-Alias.app"; sourceTree = BUILT_PRODUCTS_DIR; };
		5E89BA2A2A17BAE3005E3381 /* AppDelegate.swift */ = {isa = PBXFileReference; lastKnownFileType = sourcecode.swift; path = AppDelegate.swift; sourceTree = "<group>"; };
		5E89BA2C2A17BAE3005E3381 /* SceneDelegate.swift */ = {isa = PBXFileReference; lastKnownFileType = sourcecode.swift; path = SceneDelegate.swift; sourceTree = "<group>"; };
		5E89BA332A17BAE5005E3381 /* Assets.xcassets */ = {isa = PBXFileReference; lastKnownFileType = folder.assetcatalog; path = Assets.xcassets; sourceTree = "<group>"; };
		5E89BA362A17BAE5005E3381 /* Base */ = {isa = PBXFileReference; lastKnownFileType = file.storyboard; name = Base; path = Base.lproj/LaunchScreen.storyboard; sourceTree = "<group>"; };
		5E89BA382A17BAE5005E3381 /* Info.plist */ = {isa = PBXFileReference; lastKnownFileType = text.plist.xml; path = Info.plist; sourceTree = "<group>"; };
		9D81CC5F2A1CFAF200EBC621 /* SecureSettingsKeeper.swift */ = {isa = PBXFileReference; fileEncoding = 4; lastKnownFileType = sourcecode.swift; path = SecureSettingsKeeper.swift; sourceTree = "<group>"; };
		9D81CC632A1CFB2300EBC621 /* SecureStorage+Token.swift */ = {isa = PBXFileReference; fileEncoding = 4; lastKnownFileType = sourcecode.swift; path = "SecureStorage+Token.swift"; sourceTree = "<group>"; };
		9D81CC642A1CFB2300EBC621 /* SecureStorage+PropertyWraper.swift */ = {isa = PBXFileReference; fileEncoding = 4; lastKnownFileType = sourcecode.swift; path = "SecureStorage+PropertyWraper.swift"; sourceTree = "<group>"; };
		9D81CC652A1CFB2300EBC621 /* SecureStorage.swift */ = {isa = PBXFileReference; fileEncoding = 4; lastKnownFileType = sourcecode.swift; path = SecureStorage.swift; sourceTree = "<group>"; };
/* End PBXFileReference section */

/* Begin PBXFrameworksBuildPhase section */
		5E89BA242A17BAE3005E3381 /* Frameworks */ = {
			isa = PBXFrameworksBuildPhase;
			buildActionMask = 2147483647;
			files = (
			);
			runOnlyForDeploymentPostprocessing = 0;
		};
/* End PBXFrameworksBuildPhase section */

/* Begin PBXGroup section */
		0653A28F2A1A5DC3005DD793 /* Main */ = {
			isa = PBXGroup;
			children = (
				06B778772A1A81FA00307E17 /* AddKey */,
				06B778642A1A5E5000307E17 /* Rooms */,
				06B778632A1A5E4800307E17 /* Profile */,
				06B7786D2A1A5EE000307E17 /* TabBarViewController.swift */,
				06B7786F2A1A6F3D00307E17 /* User.swift */,
				06B778752A1A7B2A00307E17 /* Room.swift */,
			);
			path = Main;
			sourceTree = "<group>";
		};
		06B778632A1A5E4800307E17 /* Profile */ = {
			isa = PBXGroup;
			children = (
				06B7785B2A1A5E3600307E17 /* ProfilePresenter.swift */,
				06B7785C2A1A5E3600307E17 /* ProfileRouter.swift */,
				06B7785D2A1A5E3600307E17 /* ProfileViewController.swift */,
				06B7785E2A1A5E3600307E17 /* ProfileModuleConfigurator.swift */,
			);
			path = Profile;
			sourceTree = "<group>";
		};
		06B778642A1A5E5000307E17 /* Rooms */ = {
			isa = PBXGroup;
			children = (
				06B778652A1A5E5D00307E17 /* RoomsPresenter.swift */,
				06B778662A1A5E5D00307E17 /* RoomsRouter.swift */,
				06B778672A1A5E5D00307E17 /* RoomsViewController.swift */,
				06B778682A1A5E5D00307E17 /* RoomsModuleConfigurator.swift */,
				06B778712A1A720D00307E17 /* RoomCollectionViewCell.swift */,
				06B778732A1A759200307E17 /* TitleCollectionViewCell.swift */,
			);
			path = Rooms;
			sourceTree = "<group>";
		};
		06B778772A1A81FA00307E17 /* AddKey */ = {
			isa = PBXGroup;
			children = (
				06ED581E2A1A825E009EB119 /* AddKeyPresenter.swift */,
				06ED581F2A1A825E009EB119 /* AddKeyRouter.swift */,
				06ED58202A1A825E009EB119 /* AddKeyViewController.swift */,
				06ED58212A1A825E009EB119 /* AddKeyModuleConfigurator.swift */,
			);
			path = AddKey;
			sourceTree = "<group>";
		};
		5E46ED962A17C3E300F3FFAD /* LogInModule */ = {
			isa = PBXGroup;
			children = (
				5E46EDAB2A17D05B00F3FFAD /* LogInFactory.swift */,
				5E46EDB22A17D94400F3FFAD /* LogInModule.swift */,
				5E46ED972A17C3E300F3FFAD /* Registration */,
				5E46ED992A17C3E300F3FFAD /* Authorization */,
			);
			path = LogInModule;
			sourceTree = "<group>";
		};
		5E46ED972A17C3E300F3FFAD /* Registration */ = {
			isa = PBXGroup;
			children = (
				5E46EDA32A17C92B00F3FFAD /* RegistrationPresenter.swift */,
				5E46EDA42A17C92B00F3FFAD /* RegistrationRouter.swift */,
				5E46EDA52A17C92B00F3FFAD /* RegistrationViewController.swift */,
				5E46EDA62A17C92B00F3FFAD /* RegistrationModuleConfigurator.swift */,
			);
			path = Registration;
			sourceTree = "<group>";
		};
		5E46ED992A17C3E300F3FFAD /* Authorization */ = {
			isa = PBXGroup;
			children = (
				5E46ED9B2A17C42800F3FFAD /* AuthorizationPresenter.swift */,
				5E46ED9C2A17C42800F3FFAD /* AuthorizationRouter.swift */,
				5E46ED9D2A17C42800F3FFAD /* AuthorizationViewController.swift */,
				5E46ED9E2A17C42800F3FFAD /* AuthorizationModuleConfigurator.swift */,
			);
			path = Authorization;
			sourceTree = "<group>";
		};
		5E46EDAD2A17D0FF00F3FFAD /* Common */ = {
			isa = PBXGroup;
			children = (
				5E46EDAE2A17D10E00F3FFAD /* UITextField+Extension.swift */,
				5E46EDB02A17D50800F3FFAD /* UIColor+ColorPalette.swift */,
			);
			path = Common;
			sourceTree = "<group>";
		};
		5E89BA1E2A17BAE3005E3381 = {
			isa = PBXGroup;
			children = (
				5E89BA292A17BAE3005E3381 /* Client-Alias */,
				5E89BA282A17BAE3005E3381 /* Products */,
			);
			sourceTree = "<group>";
		};
		5E89BA282A17BAE3005E3381 /* Products */ = {
			isa = PBXGroup;
			children = (
				5E89BA272A17BAE3005E3381 /* Client-Alias.app */,
			);
			name = Products;
			sourceTree = "<group>";
		};
		5E89BA292A17BAE3005E3381 /* Client-Alias */ = {
			isa = PBXGroup;
			children = (
				9D81CC5D2A1CFAD200EBC621 /* Services */,
				0653A28F2A1A5DC3005DD793 /* Main */,
				5E46EDAD2A17D0FF00F3FFAD /* Common */,
				5E46ED962A17C3E300F3FFAD /* LogInModule */,
				5E89BA2C2A17BAE3005E3381 /* SceneDelegate.swift */,
				5E89BA2A2A17BAE3005E3381 /* AppDelegate.swift */,
				5E89BA332A17BAE5005E3381 /* Assets.xcassets */,
				5E89BA352A17BAE5005E3381 /* LaunchScreen.storyboard */,
				5E89BA382A17BAE5005E3381 /* Info.plist */,
			);
			path = "Client-Alias";
			sourceTree = "<group>";
		};
		9D81CC5D2A1CFAD200EBC621 /* Services */ = {
			isa = PBXGroup;
			children = (
				9D81CC612A1CFB2300EBC621 /* SecureStorage */,
				9D81CC5E2A1CFAF200EBC621 /* SecureSettingKeeper */,
			);
			path = Services;
			sourceTree = "<group>";
		};
		9D81CC5E2A1CFAF200EBC621 /* SecureSettingKeeper */ = {
			isa = PBXGroup;
			children = (
				9D81CC5F2A1CFAF200EBC621 /* SecureSettingsKeeper.swift */,
			);
			path = SecureSettingKeeper;
			sourceTree = "<group>";
		};
		9D81CC612A1CFB2300EBC621 /* SecureStorage */ = {
			isa = PBXGroup;
			children = (
				9D81CC622A1CFB2300EBC621 /* SecureStorage+Extension */,
				9D81CC642A1CFB2300EBC621 /* SecureStorage+PropertyWraper.swift */,
				9D81CC652A1CFB2300EBC621 /* SecureStorage.swift */,
			);
			path = SecureStorage;
			sourceTree = "<group>";
		};
		9D81CC622A1CFB2300EBC621 /* SecureStorage+Extension */ = {
			isa = PBXGroup;
			children = (
				9D81CC632A1CFB2300EBC621 /* SecureStorage+Token.swift */,
			);
			path = "SecureStorage+Extension";
			sourceTree = "<group>";
		};
/* End PBXGroup section */

/* Begin PBXNativeTarget section */
		5E89BA262A17BAE3005E3381 /* Client-Alias */ = {
			isa = PBXNativeTarget;
			buildConfigurationList = 5E89BA3B2A17BAE5005E3381 /* Build configuration list for PBXNativeTarget "Client-Alias" */;
			buildPhases = (
				5E89BA232A17BAE3005E3381 /* Sources */,
				5E89BA242A17BAE3005E3381 /* Frameworks */,
				5E89BA252A17BAE3005E3381 /* Resources */,
			);
			buildRules = (
			);
			dependencies = (
			);
			name = "Client-Alias";
			productName = "Client-Alias";
			productReference = 5E89BA272A17BAE3005E3381 /* Client-Alias.app */;
			productType = "com.apple.product-type.application";
		};
/* End PBXNativeTarget section */

/* Begin PBXProject section */
		5E89BA1F2A17BAE3005E3381 /* Project object */ = {
			isa = PBXProject;
			attributes = {
				BuildIndependentTargetsInParallel = 1;
				LastSwiftUpdateCheck = 1320;
				LastUpgradeCheck = 1320;
				TargetAttributes = {
					5E89BA262A17BAE3005E3381 = {
						CreatedOnToolsVersion = 13.2.1;
					};
				};
			};
			buildConfigurationList = 5E89BA222A17BAE3005E3381 /* Build configuration list for PBXProject "Client-Alias" */;
			compatibilityVersion = "Xcode 13.0";
			developmentRegion = en;
			hasScannedForEncodings = 0;
			knownRegions = (
				en,
				Base,
			);
			mainGroup = 5E89BA1E2A17BAE3005E3381;
			productRefGroup = 5E89BA282A17BAE3005E3381 /* Products */;
			projectDirPath = "";
			projectRoot = "";
			targets = (
				5E89BA262A17BAE3005E3381 /* Client-Alias */,
			);
		};
/* End PBXProject section */

/* Begin PBXResourcesBuildPhase section */
		5E89BA252A17BAE3005E3381 /* Resources */ = {
			isa = PBXResourcesBuildPhase;
			buildActionMask = 2147483647;
			files = (
				5E89BA372A17BAE5005E3381 /* LaunchScreen.storyboard in Resources */,
				5E89BA342A17BAE5005E3381 /* Assets.xcassets in Resources */,
			);
			runOnlyForDeploymentPostprocessing = 0;
		};
/* End PBXResourcesBuildPhase section */

/* Begin PBXSourcesBuildPhase section */
		5E89BA232A17BAE3005E3381 /* Sources */ = {
			isa = PBXSourcesBuildPhase;
			buildActionMask = 2147483647;
			files = (
				06B778602A1A5E3600307E17 /* ProfileRouter.swift in Sources */,
				06B778742A1A759200307E17 /* TitleCollectionViewCell.swift in Sources */,
				06B7786A2A1A5E5D00307E17 /* RoomsRouter.swift in Sources */,
				5E46EDAC2A17D05B00F3FFAD /* LogInFactory.swift in Sources */,
				06ED58242A1A825E009EB119 /* AddKeyViewController.swift in Sources */,
				9D81CC662A1CFB2300EBC621 /* SecureStorage+Token.swift in Sources */,
				5E46EDA12A17C42800F3FFAD /* AuthorizationViewController.swift in Sources */,
				5E46EDA72A17C92B00F3FFAD /* RegistrationPresenter.swift in Sources */,
				9D81CC672A1CFB2300EBC621 /* SecureStorage+PropertyWraper.swift in Sources */,
				5E46ED9F2A17C42800F3FFAD /* AuthorizationPresenter.swift in Sources */,
				5E89BA2B2A17BAE3005E3381 /* AppDelegate.swift in Sources */,
				9D81CC602A1CFAF200EBC621 /* SecureSettingsKeeper.swift in Sources */,
				06B778692A1A5E5D00307E17 /* RoomsPresenter.swift in Sources */,
				5E46EDB32A17D94400F3FFAD /* LogInModule.swift in Sources */,
				06B778612A1A5E3600307E17 /* ProfileViewController.swift in Sources */,
				06ED58252A1A825E009EB119 /* AddKeyModuleConfigurator.swift in Sources */,
				06B7786B2A1A5E5D00307E17 /* RoomsViewController.swift in Sources */,
				5E46EDA92A17C92B00F3FFAD /* RegistrationViewController.swift in Sources */,
				5E46EDA82A17C92B00F3FFAD /* RegistrationRouter.swift in Sources */,
				06B7786C2A1A5E5D00307E17 /* RoomsModuleConfigurator.swift in Sources */,
				06B7785F2A1A5E3600307E17 /* ProfilePresenter.swift in Sources */,
				06B7786E2A1A5EE000307E17 /* TabBarViewController.swift in Sources */,
				5E46EDAA2A17C92B00F3FFAD /* RegistrationModuleConfigurator.swift in Sources */,
				9D81CC682A1CFB2300EBC621 /* SecureStorage.swift in Sources */,
				06ED58222A1A825E009EB119 /* AddKeyPresenter.swift in Sources */,
				06B778722A1A720D00307E17 /* RoomCollectionViewCell.swift in Sources */,
				5E46EDA22A17C42800F3FFAD /* AuthorizationModuleConfigurator.swift in Sources */,
				5E46EDB12A17D50800F3FFAD /* UIColor+ColorPalette.swift in Sources */,
				5E46EDAF2A17D10E00F3FFAD /* UITextField+Extension.swift in Sources */,
				06B778702A1A6F3D00307E17 /* User.swift in Sources */,
				06B778762A1A7B2A00307E17 /* Room.swift in Sources */,
				5E89BA2D2A17BAE3005E3381 /* SceneDelegate.swift in Sources */,
				06ED58232A1A825E009EB119 /* AddKeyRouter.swift in Sources */,
				06B778622A1A5E3600307E17 /* ProfileModuleConfigurator.swift in Sources */,
				5E46EDA02A17C42800F3FFAD /* AuthorizationRouter.swift in Sources */,
			);
			runOnlyForDeploymentPostprocessing = 0;
		};
/* End PBXSourcesBuildPhase section */

/* Begin PBXVariantGroup section */
		5E89BA352A17BAE5005E3381 /* LaunchScreen.storyboard */ = {
			isa = PBXVariantGroup;
			children = (
				5E89BA362A17BAE5005E3381 /* Base */,
			);
			name = LaunchScreen.storyboard;
			sourceTree = "<group>";
		};
/* End PBXVariantGroup section */

/* Begin XCBuildConfiguration section */
		5E89BA392A17BAE5005E3381 /* Debug */ = {
			isa = XCBuildConfiguration;
			buildSettings = {
				ALWAYS_SEARCH_USER_PATHS = NO;
				CLANG_ANALYZER_NONNULL = YES;
				CLANG_ANALYZER_NUMBER_OBJECT_CONVERSION = YES_AGGRESSIVE;
				CLANG_CXX_LANGUAGE_STANDARD = "gnu++17";
				CLANG_CXX_LIBRARY = "libc++";
				CLANG_ENABLE_MODULES = YES;
				CLANG_ENABLE_OBJC_ARC = YES;
				CLANG_ENABLE_OBJC_WEAK = YES;
				CLANG_WARN_BLOCK_CAPTURE_AUTORELEASING = YES;
				CLANG_WARN_BOOL_CONVERSION = YES;
				CLANG_WARN_COMMA = YES;
				CLANG_WARN_CONSTANT_CONVERSION = YES;
				CLANG_WARN_DEPRECATED_OBJC_IMPLEMENTATIONS = YES;
				CLANG_WARN_DIRECT_OBJC_ISA_USAGE = YES_ERROR;
				CLANG_WARN_DOCUMENTATION_COMMENTS = YES;
				CLANG_WARN_EMPTY_BODY = YES;
				CLANG_WARN_ENUM_CONVERSION = YES;
				CLANG_WARN_INFINITE_RECURSION = YES;
				CLANG_WARN_INT_CONVERSION = YES;
				CLANG_WARN_NON_LITERAL_NULL_CONVERSION = YES;
				CLANG_WARN_OBJC_IMPLICIT_RETAIN_SELF = YES;
				CLANG_WARN_OBJC_LITERAL_CONVERSION = YES;
				CLANG_WARN_OBJC_ROOT_CLASS = YES_ERROR;
				CLANG_WARN_QUOTED_INCLUDE_IN_FRAMEWORK_HEADER = YES;
				CLANG_WARN_RANGE_LOOP_ANALYSIS = YES;
				CLANG_WARN_STRICT_PROTOTYPES = YES;
				CLANG_WARN_SUSPICIOUS_MOVE = YES;
				CLANG_WARN_UNGUARDED_AVAILABILITY = YES_AGGRESSIVE;
				CLANG_WARN_UNREACHABLE_CODE = YES;
				CLANG_WARN__DUPLICATE_METHOD_MATCH = YES;
				COPY_PHASE_STRIP = NO;
				DEBUG_INFORMATION_FORMAT = dwarf;
				ENABLE_STRICT_OBJC_MSGSEND = YES;
				ENABLE_TESTABILITY = YES;
				GCC_C_LANGUAGE_STANDARD = gnu11;
				GCC_DYNAMIC_NO_PIC = NO;
				GCC_NO_COMMON_BLOCKS = YES;
				GCC_OPTIMIZATION_LEVEL = 0;
				GCC_PREPROCESSOR_DEFINITIONS = (
					"DEBUG=1",
					"$(inherited)",
				);
				GCC_WARN_64_TO_32_BIT_CONVERSION = YES;
				GCC_WARN_ABOUT_RETURN_TYPE = YES_ERROR;
				GCC_WARN_UNDECLARED_SELECTOR = YES;
				GCC_WARN_UNINITIALIZED_AUTOS = YES_AGGRESSIVE;
				GCC_WARN_UNUSED_FUNCTION = YES;
				GCC_WARN_UNUSED_VARIABLE = YES;
				IPHONEOS_DEPLOYMENT_TARGET = 15.2;
				MTL_ENABLE_DEBUG_INFO = INCLUDE_SOURCE;
				MTL_FAST_MATH = YES;
				ONLY_ACTIVE_ARCH = YES;
				SDKROOT = iphoneos;
				SWIFT_ACTIVE_COMPILATION_CONDITIONS = DEBUG;
				SWIFT_OPTIMIZATION_LEVEL = "-Onone";
			};
			name = Debug;
		};
		5E89BA3A2A17BAE5005E3381 /* Release */ = {
			isa = XCBuildConfiguration;
			buildSettings = {
				ALWAYS_SEARCH_USER_PATHS = NO;
				CLANG_ANALYZER_NONNULL = YES;
				CLANG_ANALYZER_NUMBER_OBJECT_CONVERSION = YES_AGGRESSIVE;
				CLANG_CXX_LANGUAGE_STANDARD = "gnu++17";
				CLANG_CXX_LIBRARY = "libc++";
				CLANG_ENABLE_MODULES = YES;
				CLANG_ENABLE_OBJC_ARC = YES;
				CLANG_ENABLE_OBJC_WEAK = YES;
				CLANG_WARN_BLOCK_CAPTURE_AUTORELEASING = YES;
				CLANG_WARN_BOOL_CONVERSION = YES;
				CLANG_WARN_COMMA = YES;
				CLANG_WARN_CONSTANT_CONVERSION = YES;
				CLANG_WARN_DEPRECATED_OBJC_IMPLEMENTATIONS = YES;
				CLANG_WARN_DIRECT_OBJC_ISA_USAGE = YES_ERROR;
				CLANG_WARN_DOCUMENTATION_COMMENTS = YES;
				CLANG_WARN_EMPTY_BODY = YES;
				CLANG_WARN_ENUM_CONVERSION = YES;
				CLANG_WARN_INFINITE_RECURSION = YES;
				CLANG_WARN_INT_CONVERSION = YES;
				CLANG_WARN_NON_LITERAL_NULL_CONVERSION = YES;
				CLANG_WARN_OBJC_IMPLICIT_RETAIN_SELF = YES;
				CLANG_WARN_OBJC_LITERAL_CONVERSION = YES;
				CLANG_WARN_OBJC_ROOT_CLASS = YES_ERROR;
				CLANG_WARN_QUOTED_INCLUDE_IN_FRAMEWORK_HEADER = YES;
				CLANG_WARN_RANGE_LOOP_ANALYSIS = YES;
				CLANG_WARN_STRICT_PROTOTYPES = YES;
				CLANG_WARN_SUSPICIOUS_MOVE = YES;
				CLANG_WARN_UNGUARDED_AVAILABILITY = YES_AGGRESSIVE;
				CLANG_WARN_UNREACHABLE_CODE = YES;
				CLANG_WARN__DUPLICATE_METHOD_MATCH = YES;
				COPY_PHASE_STRIP = NO;
				DEBUG_INFORMATION_FORMAT = "dwarf-with-dsym";
				ENABLE_NS_ASSERTIONS = NO;
				ENABLE_STRICT_OBJC_MSGSEND = YES;
				GCC_C_LANGUAGE_STANDARD = gnu11;
				GCC_NO_COMMON_BLOCKS = YES;
				GCC_WARN_64_TO_32_BIT_CONVERSION = YES;
				GCC_WARN_ABOUT_RETURN_TYPE = YES_ERROR;
				GCC_WARN_UNDECLARED_SELECTOR = YES;
				GCC_WARN_UNINITIALIZED_AUTOS = YES_AGGRESSIVE;
				GCC_WARN_UNUSED_FUNCTION = YES;
				GCC_WARN_UNUSED_VARIABLE = YES;
				IPHONEOS_DEPLOYMENT_TARGET = 15.2;
				MTL_ENABLE_DEBUG_INFO = NO;
				MTL_FAST_MATH = YES;
				SDKROOT = iphoneos;
				SWIFT_COMPILATION_MODE = wholemodule;
				SWIFT_OPTIMIZATION_LEVEL = "-O";
				VALIDATE_PRODUCT = YES;
			};
			name = Release;
		};
		5E89BA3C2A17BAE5005E3381 /* Debug */ = {
			isa = XCBuildConfiguration;
			buildSettings = {
				ASSETCATALOG_COMPILER_APPICON_NAME = AppIcon;
				ASSETCATALOG_COMPILER_GLOBAL_ACCENT_COLOR_NAME = AccentColor;
				CODE_SIGN_STYLE = Automatic;
				CURRENT_PROJECT_VERSION = 1;
				DEVELOPMENT_TEAM = 22SF4Z93AM;
				GENERATE_INFOPLIST_FILE = YES;
				INFOPLIST_FILE = "Client-Alias/Info.plist";
				INFOPLIST_KEY_UIApplicationSupportsIndirectInputEvents = YES;
				INFOPLIST_KEY_UILaunchStoryboardName = LaunchScreen;
				INFOPLIST_KEY_UISupportedInterfaceOrientations_iPad = "UIInterfaceOrientationPortrait UIInterfaceOrientationPortraitUpsideDown UIInterfaceOrientationLandscapeLeft UIInterfaceOrientationLandscapeRight";
				INFOPLIST_KEY_UISupportedInterfaceOrientations_iPhone = "UIInterfaceOrientationPortrait UIInterfaceOrientationLandscapeLeft UIInterfaceOrientationLandscapeRight";
				LD_RUNPATH_SEARCH_PATHS = (
					"$(inherited)",
					"@executable_path/Frameworks",
				);
				MARKETING_VERSION = 1.0;
				PRODUCT_BUNDLE_IDENTIFIER = "hse.Client-Alias";
				PRODUCT_NAME = "$(TARGET_NAME)";
				SWIFT_EMIT_LOC_STRINGS = YES;
				SWIFT_VERSION = 5.0;
				TARGETED_DEVICE_FAMILY = "1,2";
			};
			name = Debug;
		};
		5E89BA3D2A17BAE5005E3381 /* Release */ = {
			isa = XCBuildConfiguration;
			buildSettings = {
				ASSETCATALOG_COMPILER_APPICON_NAME = AppIcon;
				ASSETCATALOG_COMPILER_GLOBAL_ACCENT_COLOR_NAME = AccentColor;
				CODE_SIGN_STYLE = Automatic;
				CURRENT_PROJECT_VERSION = 1;
				DEVELOPMENT_TEAM = 22SF4Z93AM;
				GENERATE_INFOPLIST_FILE = YES;
				INFOPLIST_FILE = "Client-Alias/Info.plist";
				INFOPLIST_KEY_UIApplicationSupportsIndirectInputEvents = YES;
				INFOPLIST_KEY_UILaunchStoryboardName = LaunchScreen;
				INFOPLIST_KEY_UISupportedInterfaceOrientations_iPad = "UIInterfaceOrientationPortrait UIInterfaceOrientationPortraitUpsideDown UIInterfaceOrientationLandscapeLeft UIInterfaceOrientationLandscapeRight";
				INFOPLIST_KEY_UISupportedInterfaceOrientations_iPhone = "UIInterfaceOrientationPortrait UIInterfaceOrientationLandscapeLeft UIInterfaceOrientationLandscapeRight";
				LD_RUNPATH_SEARCH_PATHS = (
					"$(inherited)",
					"@executable_path/Frameworks",
				);
				MARKETING_VERSION = 1.0;
				PRODUCT_BUNDLE_IDENTIFIER = "hse.Client-Alias";
				PRODUCT_NAME = "$(TARGET_NAME)";
				SWIFT_EMIT_LOC_STRINGS = YES;
				SWIFT_VERSION = 5.0;
				TARGETED_DEVICE_FAMILY = "1,2";
			};
			name = Release;
		};
/* End XCBuildConfiguration section */

/* Begin XCConfigurationList section */
		5E89BA222A17BAE3005E3381 /* Build configuration list for PBXProject "Client-Alias" */ = {
			isa = XCConfigurationList;
			buildConfigurations = (
				5E89BA392A17BAE5005E3381 /* Debug */,
				5E89BA3A2A17BAE5005E3381 /* Release */,
			);
			defaultConfigurationIsVisible = 0;
			defaultConfigurationName = Release;
		};
		5E89BA3B2A17BAE5005E3381 /* Build configuration list for PBXNativeTarget "Client-Alias" */ = {
			isa = XCConfigurationList;
			buildConfigurations = (
				5E89BA3C2A17BAE5005E3381 /* Debug */,
				5E89BA3D2A17BAE5005E3381 /* Release */,
			);
			defaultConfigurationIsVisible = 0;
			defaultConfigurationName = Release;
		};
/* End XCConfigurationList section */
	};
	rootObject = 5E89BA1F2A17BAE3005E3381 /* Project object */;
}
