// !$*UTF8*$!
{
	archiveVersion = 1;
	classes = {
	};
	objectVersion = 55;
	objects = {

/* Begin PBXBuildFile section */
		3E6EA99F2A2684190032BFCA /* Observable.swift in Sources */ = {isa = PBXBuildFile; fileRef = 3E6EA99E2A2684190032BFCA /* Observable.swift */; };
		3E6EA9A32A2684780032BFCA /* Locking+Extension.swift in Sources */ = {isa = PBXBuildFile; fileRef = 3E6EA9A12A2684780032BFCA /* Locking+Extension.swift */; };
		3E6EA9A42A2684780032BFCA /* Locking.swift in Sources */ = {isa = PBXBuildFile; fileRef = 3E6EA9A22A2684780032BFCA /* Locking.swift */; };
		3E6EA9A82A2687910032BFCA /* WebSocketManager.swift in Sources */ = {isa = PBXBuildFile; fileRef = 3E6EA9A72A2687910032BFCA /* WebSocketManager.swift */; };
		3E6EA9AB2A2687C60032BFCA /* Starscream in Frameworks */ = {isa = PBXBuildFile; productRef = 3E6EA9AA2A2687C60032BFCA /* Starscream */; };
		5E1EDB7D2A28CAE50049328E /* String+Extension.swift in Sources */ = {isa = PBXBuildFile; fileRef = 5E1EDB7C2A28CAE50049328E /* String+Extension.swift */; };
		5E3021EA2A1E7FC100219928 /* CardTableCell.swift in Sources */ = {isa = PBXBuildFile; fileRef = 5E3021E92A1E7FC100219928 /* CardTableCell.swift */; };
		5E3021EC2A1E876C00219928 /* CustomStepper.swift in Sources */ = {isa = PBXBuildFile; fileRef = 5E3021EB2A1E876C00219928 /* CustomStepper.swift */; };
		5E3021F32A1EC93400219928 /* EndGamePresenter.swift in Sources */ = {isa = PBXBuildFile; fileRef = 5E3021EF2A1EC93400219928 /* EndGamePresenter.swift */; };
		5E3021F42A1EC93400219928 /* EndGameRouter.swift in Sources */ = {isa = PBXBuildFile; fileRef = 5E3021F02A1EC93400219928 /* EndGameRouter.swift */; };
		5E3021F52A1EC93400219928 /* EndGameViewController.swift in Sources */ = {isa = PBXBuildFile; fileRef = 5E3021F12A1EC93400219928 /* EndGameViewController.swift */; };
		5E3021F62A1EC93400219928 /* EndGameModuleConfigurator.swift in Sources */ = {isa = PBXBuildFile; fileRef = 5E3021F22A1EC93400219928 /* EndGameModuleConfigurator.swift */; };
		5E3021FC2A1F908C00219928 /* ResultPresenter.swift in Sources */ = {isa = PBXBuildFile; fileRef = 5E3021F82A1F908C00219928 /* ResultPresenter.swift */; };
		5E3021FD2A1F908C00219928 /* ResultRouter.swift in Sources */ = {isa = PBXBuildFile; fileRef = 5E3021F92A1F908C00219928 /* ResultRouter.swift */; };
		5E3021FE2A1F908C00219928 /* ResultViewController.swift in Sources */ = {isa = PBXBuildFile; fileRef = 5E3021FA2A1F908C00219928 /* ResultViewController.swift */; };
		5E3021FF2A1F908C00219928 /* ResultModuleConfigurator.swift in Sources */ = {isa = PBXBuildFile; fileRef = 5E3021FB2A1F908C00219928 /* ResultModuleConfigurator.swift */; };
		5E3022012A1F929200219928 /* TeamCell.swift in Sources */ = {isa = PBXBuildFile; fileRef = 5E3022002A1F929200219928 /* TeamCell.swift */; };
		5E3022032A1F92FF00219928 /* ResultInfo.swift in Sources */ = {isa = PBXBuildFile; fileRef = 5E3022022A1F92FF00219928 /* ResultInfo.swift */; };
		5E3022052A1FB4E000219928 /* WaitCardView.swift in Sources */ = {isa = PBXBuildFile; fileRef = 5E3022042A1FB4E000219928 /* WaitCardView.swift */; };
		5E46ED9F2A17C42800F3FFAD /* AuthorizationPresenter.swift in Sources */ = {isa = PBXBuildFile; fileRef = 5E46ED9B2A17C42800F3FFAD /* AuthorizationPresenter.swift */; };
		5E46EDA02A17C42800F3FFAD /* AuthorizationRouter.swift in Sources */ = {isa = PBXBuildFile; fileRef = 5E46ED9C2A17C42800F3FFAD /* AuthorizationRouter.swift */; };
		5E46EDA12A17C42800F3FFAD /* AuthorizationViewController.swift in Sources */ = {isa = PBXBuildFile; fileRef = 5E46ED9D2A17C42800F3FFAD /* AuthorizationViewController.swift */; };
		5E46EDA22A17C42800F3FFAD /* AuthorizationModuleConfigurator.swift in Sources */ = {isa = PBXBuildFile; fileRef = 5E46ED9E2A17C42800F3FFAD /* AuthorizationModuleConfigurator.swift */; };
		5E46EDA72A17C92B00F3FFAD /* RegistrationPresenter.swift in Sources */ = {isa = PBXBuildFile; fileRef = 5E46EDA32A17C92B00F3FFAD /* RegistrationPresenter.swift */; };
		5E46EDA82A17C92B00F3FFAD /* RegistrationRouter.swift in Sources */ = {isa = PBXBuildFile; fileRef = 5E46EDA42A17C92B00F3FFAD /* RegistrationRouter.swift */; };
		5E46EDA92A17C92B00F3FFAD /* RegistrationViewController.swift in Sources */ = {isa = PBXBuildFile; fileRef = 5E46EDA52A17C92B00F3FFAD /* RegistrationViewController.swift */; };
		5E46EDAA2A17C92B00F3FFAD /* RegistrationModuleConfigurator.swift in Sources */ = {isa = PBXBuildFile; fileRef = 5E46EDA62A17C92B00F3FFAD /* RegistrationModuleConfigurator.swift */; };
		5E46EDAC2A17D05B00F3FFAD /* LogInFactory.swift in Sources */ = {isa = PBXBuildFile; fileRef = 5E46EDAB2A17D05B00F3FFAD /* LogInFactory.swift */; };
		5E46EDAF2A17D10E00F3FFAD /* UITextField+Extension.swift in Sources */ = {isa = PBXBuildFile; fileRef = 5E46EDAE2A17D10E00F3FFAD /* UITextField+Extension.swift */; };
		5E46EDB12A17D50800F3FFAD /* UIColor+ColorPalette.swift in Sources */ = {isa = PBXBuildFile; fileRef = 5E46EDB02A17D50800F3FFAD /* UIColor+ColorPalette.swift */; };
		5E46EDB32A17D94400F3FFAD /* LogInModеl.swift in Sources */ = {isa = PBXBuildFile; fileRef = 5E46EDB22A17D94400F3FFAD /* LogInModеl.swift */; };
		5E89BA2B2A17BAE3005E3381 /* AppDelegate.swift in Sources */ = {isa = PBXBuildFile; fileRef = 5E89BA2A2A17BAE3005E3381 /* AppDelegate.swift */; };
		5E89BA2D2A17BAE3005E3381 /* SceneDelegate.swift in Sources */ = {isa = PBXBuildFile; fileRef = 5E89BA2C2A17BAE3005E3381 /* SceneDelegate.swift */; };
		5E89BA342A17BAE5005E3381 /* Assets.xcassets in Resources */ = {isa = PBXBuildFile; fileRef = 5E89BA332A17BAE5005E3381 /* Assets.xcassets */; };
		5E89BA372A17BAE5005E3381 /* LaunchScreen.storyboard in Resources */ = {isa = PBXBuildFile; fileRef = 5E89BA352A17BAE5005E3381 /* LaunchScreen.storyboard */; };
		5E8F78652A1D2CD90079155E /* ZLSwipeableViewSwift in Frameworks */ = {isa = PBXBuildFile; productRef = 5E8F78642A1D2CD90079155E /* ZLSwipeableViewSwift */; };
		5EE4CA392A1D371300DBC274 /* PlayRoundPresenter.swift in Sources */ = {isa = PBXBuildFile; fileRef = 5EE4CA352A1D371300DBC274 /* PlayRoundPresenter.swift */; };
		5EE4CA3A2A1D371300DBC274 /* PlayRoundRouter.swift in Sources */ = {isa = PBXBuildFile; fileRef = 5EE4CA362A1D371300DBC274 /* PlayRoundRouter.swift */; };
		5EE4CA3B2A1D371300DBC274 /* PlayRoundViewController.swift in Sources */ = {isa = PBXBuildFile; fileRef = 5EE4CA372A1D371300DBC274 /* PlayRoundViewController.swift */; };
		5EE4CA3C2A1D371300DBC274 /* PlayRoundModuleConfigurator.swift in Sources */ = {isa = PBXBuildFile; fileRef = 5EE4CA382A1D371300DBC274 /* PlayRoundModuleConfigurator.swift */; };
		5EE4CA3E2A1D4E9E00DBC274 /* RoundInfo.swift in Sources */ = {isa = PBXBuildFile; fileRef = 5EE4CA3D2A1D4E9E00DBC274 /* RoundInfo.swift */; };
		5EE4CA402A1D5CD400DBC274 /* CardView.swift in Sources */ = {isa = PBXBuildFile; fileRef = 5EE4CA3F2A1D5CD400DBC274 /* CardView.swift */; };
		5EE4CA462A1D65B400DBC274 /* WordInfo.swift in Sources */ = {isa = PBXBuildFile; fileRef = 5EE4CA452A1D65B400DBC274 /* WordInfo.swift */; };
		5EFA07FD2A228A6D003DDE35 /* MainEndpoint.swift in Sources */ = {isa = PBXBuildFile; fileRef = 5EFA07FC2A228A6D003DDE35 /* MainEndpoint.swift */; };
		5EFA07FF2A228AD7003DDE35 /* MainModels.swift in Sources */ = {isa = PBXBuildFile; fileRef = 5EFA07FE2A228AD7003DDE35 /* MainModels.swift */; };
		5EFA08012A228B84003DDE35 /* MainWorker.swift in Sources */ = {isa = PBXBuildFile; fileRef = 5EFA08002A228B84003DDE35 /* MainWorker.swift */; };
		5EFA08032A23C952003DDE35 /* UIAlertController+Extension.swift in Sources */ = {isa = PBXBuildFile; fileRef = 5EFA08022A23C952003DDE35 /* UIAlertController+Extension.swift */; };
		5EFA08072A2408DF003DDE35 /* TeamInfo.swift in Sources */ = {isa = PBXBuildFile; fileRef = 5EFA08062A2408DF003DDE35 /* TeamInfo.swift */; };
		5EFA080A2A254325003DDE35 /* VoidResult.swift in Sources */ = {isa = PBXBuildFile; fileRef = 5EFA08092A254325003DDE35 /* VoidResult.swift */; };
		5EFA080E2A278B55003DDE35 /* GameCoordinator.swift in Sources */ = {isa = PBXBuildFile; fileRef = 5EFA080D2A278B55003DDE35 /* GameCoordinator.swift */; };
		5EFA08102A27FDDD003DDE35 /* LoadingView.swift in Sources */ = {isa = PBXBuildFile; fileRef = 5EFA080F2A27FDDD003DDE35 /* LoadingView.swift */; };
		5EFA08122A280458003DDE35 /* MembersModel.swift in Sources */ = {isa = PBXBuildFile; fileRef = 5EFA08112A280458003DDE35 /* MembersModel.swift */; };
		5EFA08182A28135A003DDE35 /* PlayEndpoint.swift in Sources */ = {isa = PBXBuildFile; fileRef = 5EFA08172A28135A003DDE35 /* PlayEndpoint.swift */; };
		5EFA081A2A2813F6003DDE35 /* PlayModel.swift in Sources */ = {isa = PBXBuildFile; fileRef = 5EFA08192A2813F6003DDE35 /* PlayModel.swift */; };
		5EFA081C2A281417003DDE35 /* PlayWorker.swift in Sources */ = {isa = PBXBuildFile; fileRef = 5EFA081B2A281417003DDE35 /* PlayWorker.swift */; };
		852B89AB2A20E11700360537 /* RoomRouter.swift in Sources */ = {isa = PBXBuildFile; fileRef = 852B89762A20E11700360537 /* RoomRouter.swift */; };
		852B89AC2A20E11700360537 /* RoomViewController.swift in Sources */ = {isa = PBXBuildFile; fileRef = 852B89772A20E11700360537 /* RoomViewController.swift */; };
		852B89AD2A20E11700360537 /* RoomPresenter.swift in Sources */ = {isa = PBXBuildFile; fileRef = 852B89782A20E11700360537 /* RoomPresenter.swift */; };
		852B89AE2A20E11700360537 /* RoomModuleConfigurator.swift in Sources */ = {isa = PBXBuildFile; fileRef = 852B89792A20E11700360537 /* RoomModuleConfigurator.swift */; };
		852B89AF2A20E11700360537 /* AddKeyPresenter.swift in Sources */ = {isa = PBXBuildFile; fileRef = 852B897B2A20E11700360537 /* AddKeyPresenter.swift */; };
		852B89B02A20E11700360537 /* AddKeyRouter.swift in Sources */ = {isa = PBXBuildFile; fileRef = 852B897C2A20E11700360537 /* AddKeyRouter.swift */; };
		852B89B12A20E11700360537 /* AddKeyViewController.swift in Sources */ = {isa = PBXBuildFile; fileRef = 852B897D2A20E11700360537 /* AddKeyViewController.swift */; };
		852B89B22A20E11700360537 /* AddKeyModuleConfigurator.swift in Sources */ = {isa = PBXBuildFile; fileRef = 852B897E2A20E11700360537 /* AddKeyModuleConfigurator.swift */; };
		852B89B32A20E11700360537 /* User.swift in Sources */ = {isa = PBXBuildFile; fileRef = 852B897F2A20E11700360537 /* User.swift */; };
		852B89B42A20E11700360537 /* Room.swift in Sources */ = {isa = PBXBuildFile; fileRef = 852B89802A20E11700360537 /* Room.swift */; };
		852B89B52A20E11700360537 /* RoomInfoViewModel.swift in Sources */ = {isa = PBXBuildFile; fileRef = 852B89822A20E11700360537 /* RoomInfoViewModel.swift */; };
		852B89B62A20E11700360537 /* RoomInfoViewController.swift in Sources */ = {isa = PBXBuildFile; fileRef = 852B89832A20E11700360537 /* RoomInfoViewController.swift */; };
		852B89B72A20E11700360537 /* RoomInfoModuleConfigurator.swift in Sources */ = {isa = PBXBuildFile; fileRef = 852B89842A20E11700360537 /* RoomInfoModuleConfigurator.swift */; };
		852B89B82A20E11700360537 /* TextFieldCollectionViewCell.swift in Sources */ = {isa = PBXBuildFile; fileRef = 852B89852A20E11700360537 /* TextFieldCollectionViewCell.swift */; };
		852B89B92A20E11700360537 /* RoomInfoRouter.swift in Sources */ = {isa = PBXBuildFile; fileRef = 852B89862A20E11700360537 /* RoomInfoRouter.swift */; };
		852B89BA2A20E11700360537 /* RoomInfoPresenter.swift in Sources */ = {isa = PBXBuildFile; fileRef = 852B89872A20E11700360537 /* RoomInfoPresenter.swift */; };
		852B89BB2A20E11700360537 /* MainFactory.swift in Sources */ = {isa = PBXBuildFile; fileRef = 852B89882A20E11700360537 /* MainFactory.swift */; };
		852B89BC2A20E11700360537 /* GameSettingsPresenter.swift in Sources */ = {isa = PBXBuildFile; fileRef = 852B898A2A20E11700360537 /* GameSettingsPresenter.swift */; };
		852B89BD2A20E11700360537 /* GameSettingsModuleConfigurator.swift in Sources */ = {isa = PBXBuildFile; fileRef = 852B898B2A20E11700360537 /* GameSettingsModuleConfigurator.swift */; };
		852B89BE2A20E11700360537 /* GameSettingsRouter.swift in Sources */ = {isa = PBXBuildFile; fileRef = 852B898C2A20E11700360537 /* GameSettingsRouter.swift */; };
		852B89BF2A20E11700360537 /* GameSettingsViewController.swift in Sources */ = {isa = PBXBuildFile; fileRef = 852B898D2A20E11700360537 /* GameSettingsViewController.swift */; };
		852B89C02A20E11700360537 /* ProfilePresenter.swift in Sources */ = {isa = PBXBuildFile; fileRef = 852B898F2A20E11700360537 /* ProfilePresenter.swift */; };
		852B89C12A20E11700360537 /* ProfileRouter.swift in Sources */ = {isa = PBXBuildFile; fileRef = 852B89902A20E11700360537 /* ProfileRouter.swift */; };
		852B89C22A20E11700360537 /* ProfileModuleConfigurator.swift in Sources */ = {isa = PBXBuildFile; fileRef = 852B89912A20E11700360537 /* ProfileModuleConfigurator.swift */; };
		852B89C32A20E11700360537 /* ProfileViewController.swift in Sources */ = {isa = PBXBuildFile; fileRef = 852B89922A20E11700360537 /* ProfileViewController.swift */; };
		852B89C42A20E11700360537 /* TeamsPresenter.swift in Sources */ = {isa = PBXBuildFile; fileRef = 852B89942A20E11700360537 /* TeamsPresenter.swift */; };
		852B89C52A20E11700360537 /* TeamsViewController.swift in Sources */ = {isa = PBXBuildFile; fileRef = 852B89952A20E11700360537 /* TeamsViewController.swift */; };
		852B89C62A20E11700360537 /* TeamsRouter.swift in Sources */ = {isa = PBXBuildFile; fileRef = 852B89962A20E11700360537 /* TeamsRouter.swift */; };
		852B89C72A20E11700360537 /* TeamsModuleConfigurator.swift in Sources */ = {isa = PBXBuildFile; fileRef = 852B89972A20E11700360537 /* TeamsModuleConfigurator.swift */; };
		852B89C82A20E11700360537 /* MembersViewController.swift in Sources */ = {isa = PBXBuildFile; fileRef = 852B89992A20E11700360537 /* MembersViewController.swift */; };
		852B89C92A20E11700360537 /* MembersRouter.swift in Sources */ = {isa = PBXBuildFile; fileRef = 852B899A2A20E11700360537 /* MembersRouter.swift */; };
		852B89CA2A20E11700360537 /* MembersPresenter.swift in Sources */ = {isa = PBXBuildFile; fileRef = 852B899B2A20E11700360537 /* MembersPresenter.swift */; };
		852B89CB2A20E11700360537 /* MembersModuleConfigurator.swift in Sources */ = {isa = PBXBuildFile; fileRef = 852B899C2A20E11700360537 /* MembersModuleConfigurator.swift */; };
		852B89CC2A20E11700360537 /* AddTeamRouter.swift in Sources */ = {isa = PBXBuildFile; fileRef = 852B899E2A20E11700360537 /* AddTeamRouter.swift */; };
		852B89CD2A20E11700360537 /* AddTeamViewController.swift in Sources */ = {isa = PBXBuildFile; fileRef = 852B899F2A20E11700360537 /* AddTeamViewController.swift */; };
		852B89CE2A20E11700360537 /* AddTeamPresenter.swift in Sources */ = {isa = PBXBuildFile; fileRef = 852B89A02A20E11700360537 /* AddTeamPresenter.swift */; };
		852B89CF2A20E11700360537 /* AddTeamModuleConfigurator.swift in Sources */ = {isa = PBXBuildFile; fileRef = 852B89A12A20E11700360537 /* AddTeamModuleConfigurator.swift */; };
		852B89D02A20E11700360537 /* TabBarViewController.swift in Sources */ = {isa = PBXBuildFile; fileRef = 852B89A22A20E11700360537 /* TabBarViewController.swift */; };
		852B89D12A20E11700360537 /* RoomsViewModel.swift in Sources */ = {isa = PBXBuildFile; fileRef = 852B89A42A20E11700360537 /* RoomsViewModel.swift */; };
		852B89D22A20E11700360537 /* TitleCollectionViewCell.swift in Sources */ = {isa = PBXBuildFile; fileRef = 852B89A52A20E11700360537 /* TitleCollectionViewCell.swift */; };
		852B89D32A20E11700360537 /* RoomsModuleConfigurator.swift in Sources */ = {isa = PBXBuildFile; fileRef = 852B89A62A20E11700360537 /* RoomsModuleConfigurator.swift */; };
		852B89D42A20E11700360537 /* RoomCollectionViewCell.swift in Sources */ = {isa = PBXBuildFile; fileRef = 852B89A72A20E11700360537 /* RoomCollectionViewCell.swift */; };
		852B89D52A20E11700360537 /* RoomsPresenter.swift in Sources */ = {isa = PBXBuildFile; fileRef = 852B89A82A20E11700360537 /* RoomsPresenter.swift */; };
		852B89D62A20E11700360537 /* RoomsRouter.swift in Sources */ = {isa = PBXBuildFile; fileRef = 852B89A92A20E11700360537 /* RoomsRouter.swift */; };
		852B89D72A20E11700360537 /* RoomsViewController.swift in Sources */ = {isa = PBXBuildFile; fileRef = 852B89AA2A20E11700360537 /* RoomsViewController.swift */; };
		9D26E8E42A1D5B5B001C201B /* Aliases.swift in Sources */ = {isa = PBXBuildFile; fileRef = 9D26E8DE2A1D5B5B001C201B /* Aliases.swift */; };
		9D26E8E52A1D5B5B001C201B /* Networking.swift in Sources */ = {isa = PBXBuildFile; fileRef = 9D26E8DF2A1D5B5B001C201B /* Networking.swift */; };
		9D26E8E72A1D5B5B001C201B /* NetworkingLogic.swift in Sources */ = {isa = PBXBuildFile; fileRef = 9D26E8E12A1D5B5B001C201B /* NetworkingLogic.swift */; };
		9D26E8E82A1D5B5B001C201B /* NetworkingModels.swift in Sources */ = {isa = PBXBuildFile; fileRef = 9D26E8E22A1D5B5B001C201B /* NetworkingModels.swift */; };
		9D26E8E92A1D5B5B001C201B /* Endpoint.swift in Sources */ = {isa = PBXBuildFile; fileRef = 9D26E8E32A1D5B5B001C201B /* Endpoint.swift */; };
		9D26E8EC2A1D5E6D001C201B /* AuthorizationWorker.swift in Sources */ = {isa = PBXBuildFile; fileRef = 9D26E8EB2A1D5E6D001C201B /* AuthorizationWorker.swift */; };
		9D26E8F02A1D6472001C201B /* AuthorizationModels.swift in Sources */ = {isa = PBXBuildFile; fileRef = 9D26E8EF2A1D6472001C201B /* AuthorizationModels.swift */; };
		9D26E8F32A1D6558001C201B /* AuthorizationEndpoint.swift in Sources */ = {isa = PBXBuildFile; fileRef = 9D26E8F22A1D6558001C201B /* AuthorizationEndpoint.swift */; };
		9D81CC602A1CFAF200EBC621 /* SecureSettingsKeeper.swift in Sources */ = {isa = PBXBuildFile; fileRef = 9D81CC5F2A1CFAF200EBC621 /* SecureSettingsKeeper.swift */; };
		9D81CC662A1CFB2300EBC621 /* SecureStorage+Token.swift in Sources */ = {isa = PBXBuildFile; fileRef = 9D81CC632A1CFB2300EBC621 /* SecureStorage+Token.swift */; };
		9D81CC672A1CFB2300EBC621 /* SecureStorage+PropertyWraper.swift in Sources */ = {isa = PBXBuildFile; fileRef = 9D81CC642A1CFB2300EBC621 /* SecureStorage+PropertyWraper.swift */; };
		9D81CC682A1CFB2300EBC621 /* SecureStorage.swift in Sources */ = {isa = PBXBuildFile; fileRef = 9D81CC652A1CFB2300EBC621 /* SecureStorage.swift */; };
/* End PBXBuildFile section */

/* Begin PBXFileReference section */
		3E6EA99E2A2684190032BFCA /* Observable.swift */ = {isa = PBXFileReference; fileEncoding = 4; lastKnownFileType = sourcecode.swift; path = Observable.swift; sourceTree = "<group>"; };
		3E6EA9A12A2684780032BFCA /* Locking+Extension.swift */ = {isa = PBXFileReference; fileEncoding = 4; lastKnownFileType = sourcecode.swift; path = "Locking+Extension.swift"; sourceTree = "<group>"; };
		3E6EA9A22A2684780032BFCA /* Locking.swift */ = {isa = PBXFileReference; fileEncoding = 4; lastKnownFileType = sourcecode.swift; path = Locking.swift; sourceTree = "<group>"; };
		3E6EA9A72A2687910032BFCA /* WebSocketManager.swift */ = {isa = PBXFileReference; lastKnownFileType = sourcecode.swift; path = WebSocketManager.swift; sourceTree = "<group>"; };
		5E1EDB7C2A28CAE50049328E /* String+Extension.swift */ = {isa = PBXFileReference; lastKnownFileType = sourcecode.swift; path = "String+Extension.swift"; sourceTree = "<group>"; };
		5E3021E92A1E7FC100219928 /* CardTableCell.swift */ = {isa = PBXFileReference; lastKnownFileType = sourcecode.swift; path = CardTableCell.swift; sourceTree = "<group>"; };
		5E3021EB2A1E876C00219928 /* CustomStepper.swift */ = {isa = PBXFileReference; lastKnownFileType = sourcecode.swift; path = CustomStepper.swift; sourceTree = "<group>"; };
		5E3021EF2A1EC93400219928 /* EndGamePresenter.swift */ = {isa = PBXFileReference; lastKnownFileType = sourcecode.swift; path = EndGamePresenter.swift; sourceTree = "<group>"; };
		5E3021F02A1EC93400219928 /* EndGameRouter.swift */ = {isa = PBXFileReference; lastKnownFileType = sourcecode.swift; path = EndGameRouter.swift; sourceTree = "<group>"; };
		5E3021F12A1EC93400219928 /* EndGameViewController.swift */ = {isa = PBXFileReference; lastKnownFileType = sourcecode.swift; path = EndGameViewController.swift; sourceTree = "<group>"; };
		5E3021F22A1EC93400219928 /* EndGameModuleConfigurator.swift */ = {isa = PBXFileReference; lastKnownFileType = sourcecode.swift; path = EndGameModuleConfigurator.swift; sourceTree = "<group>"; };
		5E3021F82A1F908C00219928 /* ResultPresenter.swift */ = {isa = PBXFileReference; lastKnownFileType = sourcecode.swift; path = ResultPresenter.swift; sourceTree = "<group>"; };
		5E3021F92A1F908C00219928 /* ResultRouter.swift */ = {isa = PBXFileReference; lastKnownFileType = sourcecode.swift; path = ResultRouter.swift; sourceTree = "<group>"; };
		5E3021FA2A1F908C00219928 /* ResultViewController.swift */ = {isa = PBXFileReference; lastKnownFileType = sourcecode.swift; path = ResultViewController.swift; sourceTree = "<group>"; };
		5E3021FB2A1F908C00219928 /* ResultModuleConfigurator.swift */ = {isa = PBXFileReference; lastKnownFileType = sourcecode.swift; path = ResultModuleConfigurator.swift; sourceTree = "<group>"; };
		5E3022002A1F929200219928 /* TeamCell.swift */ = {isa = PBXFileReference; lastKnownFileType = sourcecode.swift; path = TeamCell.swift; sourceTree = "<group>"; };
		5E3022022A1F92FF00219928 /* ResultInfo.swift */ = {isa = PBXFileReference; lastKnownFileType = sourcecode.swift; path = ResultInfo.swift; sourceTree = "<group>"; };
		5E3022042A1FB4E000219928 /* WaitCardView.swift */ = {isa = PBXFileReference; lastKnownFileType = sourcecode.swift; path = WaitCardView.swift; sourceTree = "<group>"; };
		5E46ED9B2A17C42800F3FFAD /* AuthorizationPresenter.swift */ = {isa = PBXFileReference; lastKnownFileType = sourcecode.swift; path = AuthorizationPresenter.swift; sourceTree = "<group>"; };
		5E46ED9C2A17C42800F3FFAD /* AuthorizationRouter.swift */ = {isa = PBXFileReference; lastKnownFileType = sourcecode.swift; path = AuthorizationRouter.swift; sourceTree = "<group>"; };
		5E46ED9D2A17C42800F3FFAD /* AuthorizationViewController.swift */ = {isa = PBXFileReference; lastKnownFileType = sourcecode.swift; path = AuthorizationViewController.swift; sourceTree = "<group>"; };
		5E46ED9E2A17C42800F3FFAD /* AuthorizationModuleConfigurator.swift */ = {isa = PBXFileReference; lastKnownFileType = sourcecode.swift; path = AuthorizationModuleConfigurator.swift; sourceTree = "<group>"; };
		5E46EDA32A17C92B00F3FFAD /* RegistrationPresenter.swift */ = {isa = PBXFileReference; lastKnownFileType = sourcecode.swift; path = RegistrationPresenter.swift; sourceTree = "<group>"; };
		5E46EDA42A17C92B00F3FFAD /* RegistrationRouter.swift */ = {isa = PBXFileReference; lastKnownFileType = sourcecode.swift; path = RegistrationRouter.swift; sourceTree = "<group>"; };
		5E46EDA52A17C92B00F3FFAD /* RegistrationViewController.swift */ = {isa = PBXFileReference; lastKnownFileType = sourcecode.swift; path = RegistrationViewController.swift; sourceTree = "<group>"; };
		5E46EDA62A17C92B00F3FFAD /* RegistrationModuleConfigurator.swift */ = {isa = PBXFileReference; lastKnownFileType = sourcecode.swift; path = RegistrationModuleConfigurator.swift; sourceTree = "<group>"; };
		5E46EDAB2A17D05B00F3FFAD /* LogInFactory.swift */ = {isa = PBXFileReference; lastKnownFileType = sourcecode.swift; path = LogInFactory.swift; sourceTree = "<group>"; };
		5E46EDAE2A17D10E00F3FFAD /* UITextField+Extension.swift */ = {isa = PBXFileReference; lastKnownFileType = sourcecode.swift; path = "UITextField+Extension.swift"; sourceTree = "<group>"; };
		5E46EDB02A17D50800F3FFAD /* UIColor+ColorPalette.swift */ = {isa = PBXFileReference; lastKnownFileType = sourcecode.swift; path = "UIColor+ColorPalette.swift"; sourceTree = "<group>"; };
		5E46EDB22A17D94400F3FFAD /* LogInModеl.swift */ = {isa = PBXFileReference; lastKnownFileType = sourcecode.swift; path = "LogInModеl.swift"; sourceTree = "<group>"; };
		5E89BA272A17BAE3005E3381 /* Client-Alias.app */ = {isa = PBXFileReference; explicitFileType = wrapper.application; includeInIndex = 0; path = "Client-Alias.app"; sourceTree = BUILT_PRODUCTS_DIR; };
		5E89BA2A2A17BAE3005E3381 /* AppDelegate.swift */ = {isa = PBXFileReference; lastKnownFileType = sourcecode.swift; path = AppDelegate.swift; sourceTree = "<group>"; };
		5E89BA2C2A17BAE3005E3381 /* SceneDelegate.swift */ = {isa = PBXFileReference; lastKnownFileType = sourcecode.swift; path = SceneDelegate.swift; sourceTree = "<group>"; };
		5E89BA332A17BAE5005E3381 /* Assets.xcassets */ = {isa = PBXFileReference; lastKnownFileType = folder.assetcatalog; path = Assets.xcassets; sourceTree = "<group>"; };
		5E89BA362A17BAE5005E3381 /* Base */ = {isa = PBXFileReference; lastKnownFileType = file.storyboard; name = Base; path = Base.lproj/LaunchScreen.storyboard; sourceTree = "<group>"; };
		5E89BA382A17BAE5005E3381 /* Info.plist */ = {isa = PBXFileReference; lastKnownFileType = text.plist.xml; path = Info.plist; sourceTree = "<group>"; };
		5EE4CA352A1D371300DBC274 /* PlayRoundPresenter.swift */ = {isa = PBXFileReference; lastKnownFileType = sourcecode.swift; path = PlayRoundPresenter.swift; sourceTree = "<group>"; };
		5EE4CA362A1D371300DBC274 /* PlayRoundRouter.swift */ = {isa = PBXFileReference; lastKnownFileType = sourcecode.swift; path = PlayRoundRouter.swift; sourceTree = "<group>"; };
		5EE4CA372A1D371300DBC274 /* PlayRoundViewController.swift */ = {isa = PBXFileReference; lastKnownFileType = sourcecode.swift; path = PlayRoundViewController.swift; sourceTree = "<group>"; };
		5EE4CA382A1D371300DBC274 /* PlayRoundModuleConfigurator.swift */ = {isa = PBXFileReference; lastKnownFileType = sourcecode.swift; path = PlayRoundModuleConfigurator.swift; sourceTree = "<group>"; };
		5EE4CA3D2A1D4E9E00DBC274 /* RoundInfo.swift */ = {isa = PBXFileReference; lastKnownFileType = sourcecode.swift; path = RoundInfo.swift; sourceTree = "<group>"; };
		5EE4CA3F2A1D5CD400DBC274 /* CardView.swift */ = {isa = PBXFileReference; lastKnownFileType = sourcecode.swift; path = CardView.swift; sourceTree = "<group>"; };
		5EE4CA452A1D65B400DBC274 /* WordInfo.swift */ = {isa = PBXFileReference; lastKnownFileType = sourcecode.swift; path = WordInfo.swift; sourceTree = "<group>"; };
		5EFA07FC2A228A6D003DDE35 /* MainEndpoint.swift */ = {isa = PBXFileReference; lastKnownFileType = sourcecode.swift; path = MainEndpoint.swift; sourceTree = "<group>"; };
		5EFA07FE2A228AD7003DDE35 /* MainModels.swift */ = {isa = PBXFileReference; lastKnownFileType = sourcecode.swift; path = MainModels.swift; sourceTree = "<group>"; };
		5EFA08002A228B84003DDE35 /* MainWorker.swift */ = {isa = PBXFileReference; lastKnownFileType = sourcecode.swift; path = MainWorker.swift; sourceTree = "<group>"; };
		5EFA08022A23C952003DDE35 /* UIAlertController+Extension.swift */ = {isa = PBXFileReference; fileEncoding = 4; lastKnownFileType = sourcecode.swift; path = "UIAlertController+Extension.swift"; sourceTree = "<group>"; };
		5EFA08062A2408DF003DDE35 /* TeamInfo.swift */ = {isa = PBXFileReference; lastKnownFileType = sourcecode.swift; path = TeamInfo.swift; sourceTree = "<group>"; };
		5EFA08092A254325003DDE35 /* VoidResult.swift */ = {isa = PBXFileReference; lastKnownFileType = sourcecode.swift; path = VoidResult.swift; sourceTree = "<group>"; };
		5EFA080D2A278B55003DDE35 /* GameCoordinator.swift */ = {isa = PBXFileReference; lastKnownFileType = sourcecode.swift; path = GameCoordinator.swift; sourceTree = "<group>"; };
		5EFA080F2A27FDDD003DDE35 /* LoadingView.swift */ = {isa = PBXFileReference; lastKnownFileType = sourcecode.swift; path = LoadingView.swift; sourceTree = "<group>"; };
		5EFA08112A280458003DDE35 /* MembersModel.swift */ = {isa = PBXFileReference; lastKnownFileType = sourcecode.swift; path = MembersModel.swift; sourceTree = "<group>"; };
		5EFA08172A28135A003DDE35 /* PlayEndpoint.swift */ = {isa = PBXFileReference; lastKnownFileType = sourcecode.swift; path = PlayEndpoint.swift; sourceTree = "<group>"; };
		5EFA08192A2813F6003DDE35 /* PlayModel.swift */ = {isa = PBXFileReference; lastKnownFileType = sourcecode.swift; path = PlayModel.swift; sourceTree = "<group>"; };
		5EFA081B2A281417003DDE35 /* PlayWorker.swift */ = {isa = PBXFileReference; lastKnownFileType = sourcecode.swift; path = PlayWorker.swift; sourceTree = "<group>"; };
		852B89762A20E11700360537 /* RoomRouter.swift */ = {isa = PBXFileReference; fileEncoding = 4; lastKnownFileType = sourcecode.swift; path = RoomRouter.swift; sourceTree = "<group>"; };
		852B89772A20E11700360537 /* RoomViewController.swift */ = {isa = PBXFileReference; fileEncoding = 4; lastKnownFileType = sourcecode.swift; path = RoomViewController.swift; sourceTree = "<group>"; };
		852B89782A20E11700360537 /* RoomPresenter.swift */ = {isa = PBXFileReference; fileEncoding = 4; lastKnownFileType = sourcecode.swift; path = RoomPresenter.swift; sourceTree = "<group>"; };
		852B89792A20E11700360537 /* RoomModuleConfigurator.swift */ = {isa = PBXFileReference; fileEncoding = 4; lastKnownFileType = sourcecode.swift; path = RoomModuleConfigurator.swift; sourceTree = "<group>"; };
		852B897B2A20E11700360537 /* AddKeyPresenter.swift */ = {isa = PBXFileReference; fileEncoding = 4; lastKnownFileType = sourcecode.swift; path = AddKeyPresenter.swift; sourceTree = "<group>"; };
		852B897C2A20E11700360537 /* AddKeyRouter.swift */ = {isa = PBXFileReference; fileEncoding = 4; lastKnownFileType = sourcecode.swift; path = AddKeyRouter.swift; sourceTree = "<group>"; };
		852B897D2A20E11700360537 /* AddKeyViewController.swift */ = {isa = PBXFileReference; fileEncoding = 4; lastKnownFileType = sourcecode.swift; path = AddKeyViewController.swift; sourceTree = "<group>"; };
		852B897E2A20E11700360537 /* AddKeyModuleConfigurator.swift */ = {isa = PBXFileReference; fileEncoding = 4; lastKnownFileType = sourcecode.swift; path = AddKeyModuleConfigurator.swift; sourceTree = "<group>"; };
		852B897F2A20E11700360537 /* User.swift */ = {isa = PBXFileReference; fileEncoding = 4; lastKnownFileType = sourcecode.swift; path = User.swift; sourceTree = "<group>"; };
		852B89802A20E11700360537 /* Room.swift */ = {isa = PBXFileReference; fileEncoding = 4; lastKnownFileType = sourcecode.swift; path = Room.swift; sourceTree = "<group>"; };
		852B89822A20E11700360537 /* RoomInfoViewModel.swift */ = {isa = PBXFileReference; fileEncoding = 4; lastKnownFileType = sourcecode.swift; path = RoomInfoViewModel.swift; sourceTree = "<group>"; };
		852B89832A20E11700360537 /* RoomInfoViewController.swift */ = {isa = PBXFileReference; fileEncoding = 4; lastKnownFileType = sourcecode.swift; path = RoomInfoViewController.swift; sourceTree = "<group>"; };
		852B89842A20E11700360537 /* RoomInfoModuleConfigurator.swift */ = {isa = PBXFileReference; fileEncoding = 4; lastKnownFileType = sourcecode.swift; path = RoomInfoModuleConfigurator.swift; sourceTree = "<group>"; };
		852B89852A20E11700360537 /* TextFieldCollectionViewCell.swift */ = {isa = PBXFileReference; fileEncoding = 4; lastKnownFileType = sourcecode.swift; path = TextFieldCollectionViewCell.swift; sourceTree = "<group>"; };
		852B89862A20E11700360537 /* RoomInfoRouter.swift */ = {isa = PBXFileReference; fileEncoding = 4; lastKnownFileType = sourcecode.swift; path = RoomInfoRouter.swift; sourceTree = "<group>"; };
		852B89872A20E11700360537 /* RoomInfoPresenter.swift */ = {isa = PBXFileReference; fileEncoding = 4; lastKnownFileType = sourcecode.swift; path = RoomInfoPresenter.swift; sourceTree = "<group>"; };
		852B89882A20E11700360537 /* MainFactory.swift */ = {isa = PBXFileReference; fileEncoding = 4; lastKnownFileType = sourcecode.swift; path = MainFactory.swift; sourceTree = "<group>"; };
		852B898A2A20E11700360537 /* GameSettingsPresenter.swift */ = {isa = PBXFileReference; fileEncoding = 4; lastKnownFileType = sourcecode.swift; path = GameSettingsPresenter.swift; sourceTree = "<group>"; };
		852B898B2A20E11700360537 /* GameSettingsModuleConfigurator.swift */ = {isa = PBXFileReference; fileEncoding = 4; lastKnownFileType = sourcecode.swift; path = GameSettingsModuleConfigurator.swift; sourceTree = "<group>"; };
		852B898C2A20E11700360537 /* GameSettingsRouter.swift */ = {isa = PBXFileReference; fileEncoding = 4; lastKnownFileType = sourcecode.swift; path = GameSettingsRouter.swift; sourceTree = "<group>"; };
		852B898D2A20E11700360537 /* GameSettingsViewController.swift */ = {isa = PBXFileReference; fileEncoding = 4; lastKnownFileType = sourcecode.swift; path = GameSettingsViewController.swift; sourceTree = "<group>"; };
		852B898F2A20E11700360537 /* ProfilePresenter.swift */ = {isa = PBXFileReference; fileEncoding = 4; lastKnownFileType = sourcecode.swift; path = ProfilePresenter.swift; sourceTree = "<group>"; };
		852B89902A20E11700360537 /* ProfileRouter.swift */ = {isa = PBXFileReference; fileEncoding = 4; lastKnownFileType = sourcecode.swift; path = ProfileRouter.swift; sourceTree = "<group>"; };
		852B89912A20E11700360537 /* ProfileModuleConfigurator.swift */ = {isa = PBXFileReference; fileEncoding = 4; lastKnownFileType = sourcecode.swift; path = ProfileModuleConfigurator.swift; sourceTree = "<group>"; };
		852B89922A20E11700360537 /* ProfileViewController.swift */ = {isa = PBXFileReference; fileEncoding = 4; lastKnownFileType = sourcecode.swift; path = ProfileViewController.swift; sourceTree = "<group>"; };
		852B89942A20E11700360537 /* TeamsPresenter.swift */ = {isa = PBXFileReference; fileEncoding = 4; lastKnownFileType = sourcecode.swift; path = TeamsPresenter.swift; sourceTree = "<group>"; };
		852B89952A20E11700360537 /* TeamsViewController.swift */ = {isa = PBXFileReference; fileEncoding = 4; lastKnownFileType = sourcecode.swift; path = TeamsViewController.swift; sourceTree = "<group>"; };
		852B89962A20E11700360537 /* TeamsRouter.swift */ = {isa = PBXFileReference; fileEncoding = 4; lastKnownFileType = sourcecode.swift; path = TeamsRouter.swift; sourceTree = "<group>"; };
		852B89972A20E11700360537 /* TeamsModuleConfigurator.swift */ = {isa = PBXFileReference; fileEncoding = 4; lastKnownFileType = sourcecode.swift; path = TeamsModuleConfigurator.swift; sourceTree = "<group>"; };
		852B89992A20E11700360537 /* MembersViewController.swift */ = {isa = PBXFileReference; fileEncoding = 4; lastKnownFileType = sourcecode.swift; path = MembersViewController.swift; sourceTree = "<group>"; };
		852B899A2A20E11700360537 /* MembersRouter.swift */ = {isa = PBXFileReference; fileEncoding = 4; lastKnownFileType = sourcecode.swift; path = MembersRouter.swift; sourceTree = "<group>"; };
		852B899B2A20E11700360537 /* MembersPresenter.swift */ = {isa = PBXFileReference; fileEncoding = 4; lastKnownFileType = sourcecode.swift; path = MembersPresenter.swift; sourceTree = "<group>"; };
		852B899C2A20E11700360537 /* MembersModuleConfigurator.swift */ = {isa = PBXFileReference; fileEncoding = 4; lastKnownFileType = sourcecode.swift; path = MembersModuleConfigurator.swift; sourceTree = "<group>"; };
		852B899E2A20E11700360537 /* AddTeamRouter.swift */ = {isa = PBXFileReference; fileEncoding = 4; lastKnownFileType = sourcecode.swift; path = AddTeamRouter.swift; sourceTree = "<group>"; };
		852B899F2A20E11700360537 /* AddTeamViewController.swift */ = {isa = PBXFileReference; fileEncoding = 4; lastKnownFileType = sourcecode.swift; path = AddTeamViewController.swift; sourceTree = "<group>"; };
		852B89A02A20E11700360537 /* AddTeamPresenter.swift */ = {isa = PBXFileReference; fileEncoding = 4; lastKnownFileType = sourcecode.swift; path = AddTeamPresenter.swift; sourceTree = "<group>"; };
		852B89A12A20E11700360537 /* AddTeamModuleConfigurator.swift */ = {isa = PBXFileReference; fileEncoding = 4; lastKnownFileType = sourcecode.swift; path = AddTeamModuleConfigurator.swift; sourceTree = "<group>"; };
		852B89A22A20E11700360537 /* TabBarViewController.swift */ = {isa = PBXFileReference; fileEncoding = 4; lastKnownFileType = sourcecode.swift; path = TabBarViewController.swift; sourceTree = "<group>"; };
		852B89A42A20E11700360537 /* RoomsViewModel.swift */ = {isa = PBXFileReference; fileEncoding = 4; lastKnownFileType = sourcecode.swift; path = RoomsViewModel.swift; sourceTree = "<group>"; };
		852B89A52A20E11700360537 /* TitleCollectionViewCell.swift */ = {isa = PBXFileReference; fileEncoding = 4; lastKnownFileType = sourcecode.swift; path = TitleCollectionViewCell.swift; sourceTree = "<group>"; };
		852B89A62A20E11700360537 /* RoomsModuleConfigurator.swift */ = {isa = PBXFileReference; fileEncoding = 4; lastKnownFileType = sourcecode.swift; path = RoomsModuleConfigurator.swift; sourceTree = "<group>"; };
		852B89A72A20E11700360537 /* RoomCollectionViewCell.swift */ = {isa = PBXFileReference; fileEncoding = 4; lastKnownFileType = sourcecode.swift; path = RoomCollectionViewCell.swift; sourceTree = "<group>"; };
		852B89A82A20E11700360537 /* RoomsPresenter.swift */ = {isa = PBXFileReference; fileEncoding = 4; lastKnownFileType = sourcecode.swift; path = RoomsPresenter.swift; sourceTree = "<group>"; };
		852B89A92A20E11700360537 /* RoomsRouter.swift */ = {isa = PBXFileReference; fileEncoding = 4; lastKnownFileType = sourcecode.swift; path = RoomsRouter.swift; sourceTree = "<group>"; };
		852B89AA2A20E11700360537 /* RoomsViewController.swift */ = {isa = PBXFileReference; fileEncoding = 4; lastKnownFileType = sourcecode.swift; path = RoomsViewController.swift; sourceTree = "<group>"; };
		9D26E8DE2A1D5B5B001C201B /* Aliases.swift */ = {isa = PBXFileReference; fileEncoding = 4; lastKnownFileType = sourcecode.swift; path = Aliases.swift; sourceTree = "<group>"; };
		9D26E8DF2A1D5B5B001C201B /* Networking.swift */ = {isa = PBXFileReference; fileEncoding = 4; lastKnownFileType = sourcecode.swift; path = Networking.swift; sourceTree = "<group>"; };
		9D26E8E12A1D5B5B001C201B /* NetworkingLogic.swift */ = {isa = PBXFileReference; fileEncoding = 4; lastKnownFileType = sourcecode.swift; path = NetworkingLogic.swift; sourceTree = "<group>"; };
		9D26E8E22A1D5B5B001C201B /* NetworkingModels.swift */ = {isa = PBXFileReference; fileEncoding = 4; lastKnownFileType = sourcecode.swift; path = NetworkingModels.swift; sourceTree = "<group>"; };
		9D26E8E32A1D5B5B001C201B /* Endpoint.swift */ = {isa = PBXFileReference; fileEncoding = 4; lastKnownFileType = sourcecode.swift; path = Endpoint.swift; sourceTree = "<group>"; };
		9D26E8EB2A1D5E6D001C201B /* AuthorizationWorker.swift */ = {isa = PBXFileReference; lastKnownFileType = sourcecode.swift; path = AuthorizationWorker.swift; sourceTree = "<group>"; };
		9D26E8EF2A1D6472001C201B /* AuthorizationModels.swift */ = {isa = PBXFileReference; lastKnownFileType = sourcecode.swift; path = AuthorizationModels.swift; sourceTree = "<group>"; };
		9D26E8F22A1D6558001C201B /* AuthorizationEndpoint.swift */ = {isa = PBXFileReference; lastKnownFileType = sourcecode.swift; path = AuthorizationEndpoint.swift; sourceTree = "<group>"; };
		9D81CC5F2A1CFAF200EBC621 /* SecureSettingsKeeper.swift */ = {isa = PBXFileReference; fileEncoding = 4; lastKnownFileType = sourcecode.swift; path = SecureSettingsKeeper.swift; sourceTree = "<group>"; };
		9D81CC632A1CFB2300EBC621 /* SecureStorage+Token.swift */ = {isa = PBXFileReference; fileEncoding = 4; lastKnownFileType = sourcecode.swift; path = "SecureStorage+Token.swift"; sourceTree = "<group>"; };
		9D81CC642A1CFB2300EBC621 /* SecureStorage+PropertyWraper.swift */ = {isa = PBXFileReference; fileEncoding = 4; lastKnownFileType = sourcecode.swift; path = "SecureStorage+PropertyWraper.swift"; sourceTree = "<group>"; };
		9D81CC652A1CFB2300EBC621 /* SecureStorage.swift */ = {isa = PBXFileReference; fileEncoding = 4; lastKnownFileType = sourcecode.swift; path = SecureStorage.swift; sourceTree = "<group>"; };
/* End PBXFileReference section */

/* Begin PBXFrameworksBuildPhase section */
		5E89BA242A17BAE3005E3381 /* Frameworks */ = {
			isa = PBXFrameworksBuildPhase;
			buildActionMask = 2147483647;
			files = (
				5E8F78652A1D2CD90079155E /* ZLSwipeableViewSwift in Frameworks */,
				3E6EA9AB2A2687C60032BFCA /* Starscream in Frameworks */,
			);
			runOnlyForDeploymentPostprocessing = 0;
		};
/* End PBXFrameworksBuildPhase section */

/* Begin PBXGroup section */
		3E6EA99D2A2684190032BFCA /* Observable */ = {
			isa = PBXGroup;
			children = (
				3E6EA99E2A2684190032BFCA /* Observable.swift */,
			);
			path = Observable;
			sourceTree = "<group>";
		};
		3E6EA9A02A2684780032BFCA /* Locking */ = {
			isa = PBXGroup;
			children = (
				3E6EA9A12A2684780032BFCA /* Locking+Extension.swift */,
				3E6EA9A22A2684780032BFCA /* Locking.swift */,
			);
			path = Locking;
			sourceTree = "<group>";
		};
		3E6EA9A62A2687810032BFCA /* WebSocket */ = {
			isa = PBXGroup;
			children = (
				3E6EA9A72A2687910032BFCA /* WebSocketManager.swift */,
			);
			path = WebSocket;
			sourceTree = "<group>";
		};
		5E3021ED2A1EA2E800219928 /* Models */ = {
			isa = PBXGroup;
			children = (
				5EE4CA452A1D65B400DBC274 /* WordInfo.swift */,
				5EE4CA3D2A1D4E9E00DBC274 /* RoundInfo.swift */,
			);
			path = Models;
			sourceTree = "<group>";
		};
		5E3021EE2A1EC91D00219928 /* EndGame */ = {
			isa = PBXGroup;
			children = (
				5E3021EF2A1EC93400219928 /* EndGamePresenter.swift */,
				5E3021F02A1EC93400219928 /* EndGameRouter.swift */,
				5E3021F12A1EC93400219928 /* EndGameViewController.swift */,
				5E3021F22A1EC93400219928 /* EndGameModuleConfigurator.swift */,
			);
			path = EndGame;
			sourceTree = "<group>";
		};
		5E3021F72A1F8FEA00219928 /* Result */ = {
			isa = PBXGroup;
			children = (
				5E3021F82A1F908C00219928 /* ResultPresenter.swift */,
				5E3021F92A1F908C00219928 /* ResultRouter.swift */,
				5E3021FA2A1F908C00219928 /* ResultViewController.swift */,
				5E3021FB2A1F908C00219928 /* ResultModuleConfigurator.swift */,
				5E3022002A1F929200219928 /* TeamCell.swift */,
				5E3022022A1F92FF00219928 /* ResultInfo.swift */,
			);
			path = Result;
			sourceTree = "<group>";
		};
		5E46ED962A17C3E300F3FFAD /* LogInModule */ = {
			isa = PBXGroup;
			children = (
				9D26E8ED2A1D5F75001C201B /* Network */,
				5E46EDAB2A17D05B00F3FFAD /* LogInFactory.swift */,
				5E46EDB22A17D94400F3FFAD /* LogInModеl.swift */,
				5E46ED972A17C3E300F3FFAD /* Registration */,
				5E46ED992A17C3E300F3FFAD /* Authorization */,
			);
			path = LogInModule;
			sourceTree = "<group>";
		};
		5E46ED972A17C3E300F3FFAD /* Registration */ = {
			isa = PBXGroup;
			children = (
				5E46EDA32A17C92B00F3FFAD /* RegistrationPresenter.swift */,
				5E46EDA42A17C92B00F3FFAD /* RegistrationRouter.swift */,
				5E46EDA52A17C92B00F3FFAD /* RegistrationViewController.swift */,
				5E46EDA62A17C92B00F3FFAD /* RegistrationModuleConfigurator.swift */,
			);
			path = Registration;
			sourceTree = "<group>";
		};
		5E46ED992A17C3E300F3FFAD /* Authorization */ = {
			isa = PBXGroup;
			children = (
				5E46ED9B2A17C42800F3FFAD /* AuthorizationPresenter.swift */,
				5E46ED9C2A17C42800F3FFAD /* AuthorizationRouter.swift */,
				5E46ED9D2A17C42800F3FFAD /* AuthorizationViewController.swift */,
				5E46ED9E2A17C42800F3FFAD /* AuthorizationModuleConfigurator.swift */,
			);
			path = Authorization;
			sourceTree = "<group>";
		};
		5E46EDAD2A17D0FF00F3FFAD /* Common */ = {
			isa = PBXGroup;
			children = (
				3E6EA9A02A2684780032BFCA /* Locking */,
				3E6EA99D2A2684190032BFCA /* Observable */,
				5EFA08022A23C952003DDE35 /* UIAlertController+Extension.swift */,
				5E46EDAE2A17D10E00F3FFAD /* UITextField+Extension.swift */,
				5E46EDB02A17D50800F3FFAD /* UIColor+ColorPalette.swift */,
				5EFA080D2A278B55003DDE35 /* GameCoordinator.swift */,
				5EFA080F2A27FDDD003DDE35 /* LoadingView.swift */,
				5E1EDB7C2A28CAE50049328E /* String+Extension.swift */,
			);
			path = Common;
			sourceTree = "<group>";
		};
		5E89BA1E2A17BAE3005E3381 = {
			isa = PBXGroup;
			children = (
				5E89BA292A17BAE3005E3381 /* Client-Alias */,
				5E89BA282A17BAE3005E3381 /* Products */,
			);
			sourceTree = "<group>";
		};
		5E89BA282A17BAE3005E3381 /* Products */ = {
			isa = PBXGroup;
			children = (
				5E89BA272A17BAE3005E3381 /* Client-Alias.app */,
			);
			name = Products;
			sourceTree = "<group>";
		};
		5E89BA292A17BAE3005E3381 /* Client-Alias */ = {
			isa = PBXGroup;
			children = (
				9D81CC5D2A1CFAD200EBC621 /* Services */,
				9D26E8DD2A1D5B5B001C201B /* Networking */,
				5E46ED962A17C3E300F3FFAD /* LogInModule */,
				852B89742A20E11700360537 /* Main */,
				5EE4CA332A1D36E700DBC274 /* Play */,
				5E46EDAD2A17D0FF00F3FFAD /* Common */,
				5E89BA2C2A17BAE3005E3381 /* SceneDelegate.swift */,
				5E89BA2A2A17BAE3005E3381 /* AppDelegate.swift */,
				5E89BA332A17BAE5005E3381 /* Assets.xcassets */,
				5E89BA352A17BAE5005E3381 /* LaunchScreen.storyboard */,
				5E89BA382A17BAE5005E3381 /* Info.plist */,
			);
			path = "Client-Alias";
			sourceTree = "<group>";
		};
		5EE4CA332A1D36E700DBC274 /* Play */ = {
			isa = PBXGroup;
			children = (
				5EFA08132A281317003DDE35 /* Network */,
				5E3021F72A1F8FEA00219928 /* Result */,
				5E3021EE2A1EC91D00219928 /* EndGame */,
				5EE4CA342A1D370500DBC274 /* PlayRound */,
			);
			path = Play;
			sourceTree = "<group>";
		};
		5EE4CA342A1D370500DBC274 /* PlayRound */ = {
			isa = PBXGroup;
			children = (
				5E3021ED2A1EA2E800219928 /* Models */,
				5EE4CA352A1D371300DBC274 /* PlayRoundPresenter.swift */,
				5EE4CA362A1D371300DBC274 /* PlayRoundRouter.swift */,
				5EE4CA372A1D371300DBC274 /* PlayRoundViewController.swift */,
				5EE4CA382A1D371300DBC274 /* PlayRoundModuleConfigurator.swift */,
				5EE4CA3F2A1D5CD400DBC274 /* CardView.swift */,
				5E3021E92A1E7FC100219928 /* CardTableCell.swift */,
				5E3021EB2A1E876C00219928 /* CustomStepper.swift */,
				5E3022042A1FB4E000219928 /* WaitCardView.swift */,
			);
			path = PlayRound;
			sourceTree = "<group>";
		};
		5EFA07F82A228A22003DDE35 /* Network */ = {
			isa = PBXGroup;
			children = (
				5EFA07F92A228A2D003DDE35 /* Endpoint */,
				5EFA07FA2A228A3B003DDE35 /* Models */,
				5EFA07FB2A228A47003DDE35 /* Worker */,
			);
			path = Network;
			sourceTree = "<group>";
		};
		5EFA07F92A228A2D003DDE35 /* Endpoint */ = {
			isa = PBXGroup;
			children = (
				5EFA07FC2A228A6D003DDE35 /* MainEndpoint.swift */,
			);
			path = Endpoint;
			sourceTree = "<group>";
		};
		5EFA07FA2A228A3B003DDE35 /* Models */ = {
			isa = PBXGroup;
			children = (
				5EFA07FE2A228AD7003DDE35 /* MainModels.swift */,
			);
			path = Models;
			sourceTree = "<group>";
		};
		5EFA07FB2A228A47003DDE35 /* Worker */ = {
			isa = PBXGroup;
			children = (
				5EFA08002A228B84003DDE35 /* MainWorker.swift */,
			);
			path = Worker;
			sourceTree = "<group>";
		};
		5EFA08082A254311003DDE35 /* Helpers */ = {
			isa = PBXGroup;
			children = (
				5EFA08092A254325003DDE35 /* VoidResult.swift */,
			);
			path = Helpers;
			sourceTree = "<group>";
		};
		5EFA08132A281317003DDE35 /* Network */ = {
			isa = PBXGroup;
			children = (
				5EFA08162A28133B003DDE35 /* Worker */,
				5EFA08152A281333003DDE35 /* Models */,
				5EFA08142A281323003DDE35 /* Endpoint */,
			);
			path = Network;
			sourceTree = "<group>";
		};
		5EFA08142A281323003DDE35 /* Endpoint */ = {
			isa = PBXGroup;
			children = (
				5EFA08172A28135A003DDE35 /* PlayEndpoint.swift */,
			);
			path = Endpoint;
			sourceTree = "<group>";
		};
		5EFA08152A281333003DDE35 /* Models */ = {
			isa = PBXGroup;
			children = (
				5EFA08192A2813F6003DDE35 /* PlayModel.swift */,
			);
			path = Models;
			sourceTree = "<group>";
		};
		5EFA08162A28133B003DDE35 /* Worker */ = {
			isa = PBXGroup;
			children = (
				5EFA081B2A281417003DDE35 /* PlayWorker.swift */,
			);
			path = Worker;
			sourceTree = "<group>";
		};
		852B89742A20E11700360537 /* Main */ = {
			isa = PBXGroup;
			children = (
				5EFA07F82A228A22003DDE35 /* Network */,
				852B89752A20E11700360537 /* Room */,
				852B897A2A20E11700360537 /* AddKey */,
				852B897F2A20E11700360537 /* User.swift */,
				852B89802A20E11700360537 /* Room.swift */,
				852B89812A20E11700360537 /* RoomInfo */,
				852B89882A20E11700360537 /* MainFactory.swift */,
				852B89892A20E11700360537 /* GameSettings */,
				852B898E2A20E11700360537 /* Profile */,
				852B89932A20E11700360537 /* Teams */,
				852B89982A20E11700360537 /* Members */,
				852B899D2A20E11700360537 /* AddTeam */,
				852B89A22A20E11700360537 /* TabBarViewController.swift */,
				852B89A32A20E11700360537 /* Rooms */,
			);
			path = Main;
			sourceTree = "<group>";
		};
		852B89752A20E11700360537 /* Room */ = {
			isa = PBXGroup;
			children = (
				852B89762A20E11700360537 /* RoomRouter.swift */,
				852B89772A20E11700360537 /* RoomViewController.swift */,
				852B89782A20E11700360537 /* RoomPresenter.swift */,
				852B89792A20E11700360537 /* RoomModuleConfigurator.swift */,
			);
			path = Room;
			sourceTree = "<group>";
		};
		852B897A2A20E11700360537 /* AddKey */ = {
			isa = PBXGroup;
			children = (
				852B897B2A20E11700360537 /* AddKeyPresenter.swift */,
				852B897C2A20E11700360537 /* AddKeyRouter.swift */,
				852B897D2A20E11700360537 /* AddKeyViewController.swift */,
				852B897E2A20E11700360537 /* AddKeyModuleConfigurator.swift */,
			);
			path = AddKey;
			sourceTree = "<group>";
		};
		852B89812A20E11700360537 /* RoomInfo */ = {
			isa = PBXGroup;
			children = (
				852B89822A20E11700360537 /* RoomInfoViewModel.swift */,
				852B89832A20E11700360537 /* RoomInfoViewController.swift */,
				852B89842A20E11700360537 /* RoomInfoModuleConfigurator.swift */,
				852B89852A20E11700360537 /* TextFieldCollectionViewCell.swift */,
				852B89862A20E11700360537 /* RoomInfoRouter.swift */,
				852B89872A20E11700360537 /* RoomInfoPresenter.swift */,
				5EFA08062A2408DF003DDE35 /* TeamInfo.swift */,
			);
			path = RoomInfo;
			sourceTree = "<group>";
		};
		852B89892A20E11700360537 /* GameSettings */ = {
			isa = PBXGroup;
			children = (
				852B898A2A20E11700360537 /* GameSettingsPresenter.swift */,
				852B898B2A20E11700360537 /* GameSettingsModuleConfigurator.swift */,
				852B898C2A20E11700360537 /* GameSettingsRouter.swift */,
				852B898D2A20E11700360537 /* GameSettingsViewController.swift */,
			);
			path = GameSettings;
			sourceTree = "<group>";
		};
		852B898E2A20E11700360537 /* Profile */ = {
			isa = PBXGroup;
			children = (
				852B898F2A20E11700360537 /* ProfilePresenter.swift */,
				852B89902A20E11700360537 /* ProfileRouter.swift */,
				852B89912A20E11700360537 /* ProfileModuleConfigurator.swift */,
				852B89922A20E11700360537 /* ProfileViewController.swift */,
			);
			path = Profile;
			sourceTree = "<group>";
		};
		852B89932A20E11700360537 /* Teams */ = {
			isa = PBXGroup;
			children = (
				852B89942A20E11700360537 /* TeamsPresenter.swift */,
				852B89952A20E11700360537 /* TeamsViewController.swift */,
				852B89962A20E11700360537 /* TeamsRouter.swift */,
				852B89972A20E11700360537 /* TeamsModuleConfigurator.swift */,
			);
			path = Teams;
			sourceTree = "<group>";
		};
		852B89982A20E11700360537 /* Members */ = {
			isa = PBXGroup;
			children = (
				852B89992A20E11700360537 /* MembersViewController.swift */,
				852B899A2A20E11700360537 /* MembersRouter.swift */,
				852B899B2A20E11700360537 /* MembersPresenter.swift */,
				852B899C2A20E11700360537 /* MembersModuleConfigurator.swift */,
				5EFA08112A280458003DDE35 /* MembersModel.swift */,
			);
			path = Members;
			sourceTree = "<group>";
		};
		852B899D2A20E11700360537 /* AddTeam */ = {
			isa = PBXGroup;
			children = (
				852B899E2A20E11700360537 /* AddTeamRouter.swift */,
				852B899F2A20E11700360537 /* AddTeamViewController.swift */,
				852B89A02A20E11700360537 /* AddTeamPresenter.swift */,
				852B89A12A20E11700360537 /* AddTeamModuleConfigurator.swift */,
			);
			path = AddTeam;
			sourceTree = "<group>";
		};
		852B89A32A20E11700360537 /* Rooms */ = {
			isa = PBXGroup;
			children = (
				852B89A42A20E11700360537 /* RoomsViewModel.swift */,
				852B89A52A20E11700360537 /* TitleCollectionViewCell.swift */,
				852B89A62A20E11700360537 /* RoomsModuleConfigurator.swift */,
				852B89A72A20E11700360537 /* RoomCollectionViewCell.swift */,
				852B89A82A20E11700360537 /* RoomsPresenter.swift */,
				852B89A92A20E11700360537 /* RoomsRouter.swift */,
				852B89AA2A20E11700360537 /* RoomsViewController.swift */,
			);
			path = Rooms;
			sourceTree = "<group>";
		};
		9D26E8DD2A1D5B5B001C201B /* Networking */ = {
			isa = PBXGroup;
			children = (
				3E6EA9A62A2687810032BFCA /* WebSocket */,
				5EFA08082A254311003DDE35 /* Helpers */,
				9D26E8DE2A1D5B5B001C201B /* Aliases.swift */,
				9D26E8DF2A1D5B5B001C201B /* Networking.swift */,
				9D26E8E12A1D5B5B001C201B /* NetworkingLogic.swift */,
				9D26E8E22A1D5B5B001C201B /* NetworkingModels.swift */,
				9D26E8E32A1D5B5B001C201B /* Endpoint.swift */,
			);
			path = Networking;
			sourceTree = "<group>";
		};
		9D26E8EA2A1D5E57001C201B /* Worker */ = {
			isa = PBXGroup;
			children = (
				9D26E8EB2A1D5E6D001C201B /* AuthorizationWorker.swift */,
			);
			path = Worker;
			sourceTree = "<group>";
		};
		9D26E8ED2A1D5F75001C201B /* Network */ = {
			isa = PBXGroup;
			children = (
				9D26E8F12A1D6544001C201B /* Endpoint */,
				9D26E8EE2A1D645A001C201B /* Models */,
				9D26E8EA2A1D5E57001C201B /* Worker */,
			);
			path = Network;
			sourceTree = "<group>";
		};
		9D26E8EE2A1D645A001C201B /* Models */ = {
			isa = PBXGroup;
			children = (
				9D26E8EF2A1D6472001C201B /* AuthorizationModels.swift */,
			);
			path = Models;
			sourceTree = "<group>";
		};
		9D26E8F12A1D6544001C201B /* Endpoint */ = {
			isa = PBXGroup;
			children = (
				9D26E8F22A1D6558001C201B /* AuthorizationEndpoint.swift */,
			);
			path = Endpoint;
			sourceTree = "<group>";
		};
		9D81CC5D2A1CFAD200EBC621 /* Services */ = {
			isa = PBXGroup;
			children = (
				9D81CC612A1CFB2300EBC621 /* SecureStorage */,
				9D81CC5E2A1CFAF200EBC621 /* SecureSettingKeeper */,
			);
			path = Services;
			sourceTree = "<group>";
		};
		9D81CC5E2A1CFAF200EBC621 /* SecureSettingKeeper */ = {
			isa = PBXGroup;
			children = (
				9D81CC5F2A1CFAF200EBC621 /* SecureSettingsKeeper.swift */,
			);
			path = SecureSettingKeeper;
			sourceTree = "<group>";
		};
		9D81CC612A1CFB2300EBC621 /* SecureStorage */ = {
			isa = PBXGroup;
			children = (
				9D81CC622A1CFB2300EBC621 /* SecureStorage+Extension */,
				9D81CC642A1CFB2300EBC621 /* SecureStorage+PropertyWraper.swift */,
				9D81CC652A1CFB2300EBC621 /* SecureStorage.swift */,
			);
			path = SecureStorage;
			sourceTree = "<group>";
		};
		9D81CC622A1CFB2300EBC621 /* SecureStorage+Extension */ = {
			isa = PBXGroup;
			children = (
				9D81CC632A1CFB2300EBC621 /* SecureStorage+Token.swift */,
			);
			path = "SecureStorage+Extension";
			sourceTree = "<group>";
		};
/* End PBXGroup section */

/* Begin PBXNativeTarget section */
		5E89BA262A17BAE3005E3381 /* Client-Alias */ = {
			isa = PBXNativeTarget;
			buildConfigurationList = 5E89BA3B2A17BAE5005E3381 /* Build configuration list for PBXNativeTarget "Client-Alias" */;
			buildPhases = (
				5E89BA232A17BAE3005E3381 /* Sources */,
				5E89BA242A17BAE3005E3381 /* Frameworks */,
				5E89BA252A17BAE3005E3381 /* Resources */,
			);
			buildRules = (
			);
			dependencies = (
			);
			name = "Client-Alias";
			packageProductDependencies = (
				5E8F78642A1D2CD90079155E /* ZLSwipeableViewSwift */,
				3E6EA9AA2A2687C60032BFCA /* Starscream */,
			);
			productName = "Client-Alias";
			productReference = 5E89BA272A17BAE3005E3381 /* Client-Alias.app */;
			productType = "com.apple.product-type.application";
		};
/* End PBXNativeTarget section */

/* Begin PBXProject section */
		5E89BA1F2A17BAE3005E3381 /* Project object */ = {
			isa = PBXProject;
			attributes = {
				BuildIndependentTargetsInParallel = 1;
				LastSwiftUpdateCheck = 1320;
				LastUpgradeCheck = 1320;
				TargetAttributes = {
					5E89BA262A17BAE3005E3381 = {
						CreatedOnToolsVersion = 13.2.1;
					};
				};
			};
			buildConfigurationList = 5E89BA222A17BAE3005E3381 /* Build configuration list for PBXProject "Client-Alias" */;
			compatibilityVersion = "Xcode 13.0";
			developmentRegion = en;
			hasScannedForEncodings = 0;
			knownRegions = (
				en,
				Base,
			);
			mainGroup = 5E89BA1E2A17BAE3005E3381;
			packageReferences = (
				5E8F78632A1D2CD90079155E /* XCRemoteSwiftPackageReference "ZLSwipeableViewSwift" */,
				3E6EA9A92A2687C60032BFCA /* XCRemoteSwiftPackageReference "Starscream" */,
			);
			productRefGroup = 5E89BA282A17BAE3005E3381 /* Products */;
			projectDirPath = "";
			projectRoot = "";
			targets = (
				5E89BA262A17BAE3005E3381 /* Client-Alias */,
			);
		};
/* End PBXProject section */

/* Begin PBXResourcesBuildPhase section */
		5E89BA252A17BAE3005E3381 /* Resources */ = {
			isa = PBXResourcesBuildPhase;
			buildActionMask = 2147483647;
			files = (
				5E89BA372A17BAE5005E3381 /* LaunchScreen.storyboard in Resources */,
				5E89BA342A17BAE5005E3381 /* Assets.xcassets in Resources */,
			);
			runOnlyForDeploymentPostprocessing = 0;
		};
/* End PBXResourcesBuildPhase section */

/* Begin PBXSourcesBuildPhase section */
		5E89BA232A17BAE3005E3381 /* Sources */ = {
			isa = PBXSourcesBuildPhase;
			buildActionMask = 2147483647;
			files = (
				9D26E8F02A1D6472001C201B /* AuthorizationModels.swift in Sources */,
				852B89B82A20E11700360537 /* TextFieldCollectionViewCell.swift in Sources */,
				5EFA07FF2A228AD7003DDE35 /* MainModels.swift in Sources */,
				5EE4CA462A1D65B400DBC274 /* WordInfo.swift in Sources */,
				852B89D22A20E11700360537 /* TitleCollectionViewCell.swift in Sources */,
				852B89C82A20E11700360537 /* MembersViewController.swift in Sources */,
				852B89C22A20E11700360537 /* ProfileModuleConfigurator.swift in Sources */,
				852B89B42A20E11700360537 /* Room.swift in Sources */,
				852B89AC2A20E11700360537 /* RoomViewController.swift in Sources */,
				852B89CD2A20E11700360537 /* AddTeamViewController.swift in Sources */,
				852B89C32A20E11700360537 /* ProfileViewController.swift in Sources */,
				852B89B92A20E11700360537 /* RoomInfoRouter.swift in Sources */,
				852B89BF2A20E11700360537 /* GameSettingsViewController.swift in Sources */,
				852B89C52A20E11700360537 /* TeamsViewController.swift in Sources */,
				5E46EDAC2A17D05B00F3FFAD /* LogInFactory.swift in Sources */,
				5EFA081A2A2813F6003DDE35 /* PlayModel.swift in Sources */,
				9D26E8E82A1D5B5B001C201B /* NetworkingModels.swift in Sources */,
				5EE4CA3C2A1D371300DBC274 /* PlayRoundModuleConfigurator.swift in Sources */,
				852B89BB2A20E11700360537 /* MainFactory.swift in Sources */,
				5E3021F52A1EC93400219928 /* EndGameViewController.swift in Sources */,
				852B89B22A20E11700360537 /* AddKeyModuleConfigurator.swift in Sources */,
				9D81CC662A1CFB2300EBC621 /* SecureStorage+Token.swift in Sources */,
				5E46EDA12A17C42800F3FFAD /* AuthorizationViewController.swift in Sources */,
				3E6EA99F2A2684190032BFCA /* Observable.swift in Sources */,
				9D26E8EC2A1D5E6D001C201B /* AuthorizationWorker.swift in Sources */,
				5E3022032A1F92FF00219928 /* ResultInfo.swift in Sources */,
				852B89BE2A20E11700360537 /* GameSettingsRouter.swift in Sources */,
				852B89CF2A20E11700360537 /* AddTeamModuleConfigurator.swift in Sources */,
				852B89CE2A20E11700360537 /* AddTeamPresenter.swift in Sources */,
				852B89CC2A20E11700360537 /* AddTeamRouter.swift in Sources */,
				852B89C92A20E11700360537 /* MembersRouter.swift in Sources */,
				5E1EDB7D2A28CAE50049328E /* String+Extension.swift in Sources */,
				5E46EDA72A17C92B00F3FFAD /* RegistrationPresenter.swift in Sources */,
				5E3021FD2A1F908C00219928 /* ResultRouter.swift in Sources */,
				5EFA08102A27FDDD003DDE35 /* LoadingView.swift in Sources */,
				5E3021EA2A1E7FC100219928 /* CardTableCell.swift in Sources */,
				5EE4CA3A2A1D371300DBC274 /* PlayRoundRouter.swift in Sources */,
				852B89CA2A20E11700360537 /* MembersPresenter.swift in Sources */,
				852B89AD2A20E11700360537 /* RoomPresenter.swift in Sources */,
				3E6EA9A42A2684780032BFCA /* Locking.swift in Sources */,
				852B89D12A20E11700360537 /* RoomsViewModel.swift in Sources */,
				852B89D42A20E11700360537 /* RoomCollectionViewCell.swift in Sources */,
				5EFA08122A280458003DDE35 /* MembersModel.swift in Sources */,
				9D81CC672A1CFB2300EBC621 /* SecureStorage+PropertyWraper.swift in Sources */,
				5E3022052A1FB4E000219928 /* WaitCardView.swift in Sources */,
				9D26E8F32A1D6558001C201B /* AuthorizationEndpoint.swift in Sources */,
				852B89B32A20E11700360537 /* User.swift in Sources */,
				5E46ED9F2A17C42800F3FFAD /* AuthorizationPresenter.swift in Sources */,
				5EFA081C2A281417003DDE35 /* PlayWorker.swift in Sources */,
				5EFA08182A28135A003DDE35 /* PlayEndpoint.swift in Sources */,
				5E89BA2B2A17BAE3005E3381 /* AppDelegate.swift in Sources */,
				5EFA08072A2408DF003DDE35 /* TeamInfo.swift in Sources */,
				5EFA080E2A278B55003DDE35 /* GameCoordinator.swift in Sources */,
				5E3021F62A1EC93400219928 /* EndGameModuleConfigurator.swift in Sources */,
				3E6EA9A82A2687910032BFCA /* WebSocketManager.swift in Sources */,
				9D81CC602A1CFAF200EBC621 /* SecureSettingsKeeper.swift in Sources */,
				5E46EDB32A17D94400F3FFAD /* LogInModеl.swift in Sources */,
				9D26E8E42A1D5B5B001C201B /* Aliases.swift in Sources */,
				852B89D02A20E11700360537 /* TabBarViewController.swift in Sources */,
				852B89AE2A20E11700360537 /* RoomModuleConfigurator.swift in Sources */,
				852B89C12A20E11700360537 /* ProfileRouter.swift in Sources */,
				5E46EDB32A17D94400F3FFAD /* LogInModеl.swift in Sources */,
				852B89C72A20E11700360537 /* TeamsModuleConfigurator.swift in Sources */,
				5E3021F42A1EC93400219928 /* EndGameRouter.swift in Sources */,
				5EFA08012A228B84003DDE35 /* MainWorker.swift in Sources */,
				852B89C62A20E11700360537 /* TeamsRouter.swift in Sources */,
				3E6EA9A32A2684780032BFCA /* Locking+Extension.swift in Sources */,
				5EE4CA392A1D371300DBC274 /* PlayRoundPresenter.swift in Sources */,
				852B89CB2A20E11700360537 /* MembersModuleConfigurator.swift in Sources */,
				5E3021FE2A1F908C00219928 /* ResultViewController.swift in Sources */,
				5E46EDA92A17C92B00F3FFAD /* RegistrationViewController.swift in Sources */,
				5E46EDA82A17C92B00F3FFAD /* RegistrationRouter.swift in Sources */,
				852B89D32A20E11700360537 /* RoomsModuleConfigurator.swift in Sources */,
				5EE4CA402A1D5CD400DBC274 /* CardView.swift in Sources */,
				5E3021FF2A1F908C00219928 /* ResultModuleConfigurator.swift in Sources */,
				852B89B52A20E11700360537 /* RoomInfoViewModel.swift in Sources */,
				852B89BC2A20E11700360537 /* GameSettingsPresenter.swift in Sources */,
				852B89AF2A20E11700360537 /* AddKeyPresenter.swift in Sources */,
				5E46EDAA2A17C92B00F3FFAD /* RegistrationModuleConfigurator.swift in Sources */,
				852B89B62A20E11700360537 /* RoomInfoViewController.swift in Sources */,
				852B89C02A20E11700360537 /* ProfilePresenter.swift in Sources */,
				9D26E8E92A1D5B5B001C201B /* Endpoint.swift in Sources */,
				9D81CC682A1CFB2300EBC621 /* SecureStorage.swift in Sources */,
				9D26E8E52A1D5B5B001C201B /* Networking.swift in Sources */,
				5E46EDA22A17C42800F3FFAD /* AuthorizationModuleConfigurator.swift in Sources */,
				852B89D62A20E11700360537 /* RoomsRouter.swift in Sources */,
				5EE4CA3E2A1D4E9E00DBC274 /* RoundInfo.swift in Sources */,
				852B89C42A20E11700360537 /* TeamsPresenter.swift in Sources */,
				5EE4CA3B2A1D371300DBC274 /* PlayRoundViewController.swift in Sources */,
				852B89B02A20E11700360537 /* AddKeyRouter.swift in Sources */,
				852B89D52A20E11700360537 /* RoomsPresenter.swift in Sources */,
				5E46EDB12A17D50800F3FFAD /* UIColor+ColorPalette.swift in Sources */,
				5E46EDAF2A17D10E00F3FFAD /* UITextField+Extension.swift in Sources */,
				852B89D72A20E11700360537 /* RoomsViewController.swift in Sources */,
				852B89BA2A20E11700360537 /* RoomInfoPresenter.swift in Sources */,
				5EFA07FD2A228A6D003DDE35 /* MainEndpoint.swift in Sources */,
				852B89BD2A20E11700360537 /* GameSettingsModuleConfigurator.swift in Sources */,
				5E3021EC2A1E876C00219928 /* CustomStepper.swift in Sources */,
				852B89AB2A20E11700360537 /* RoomRouter.swift in Sources */,
				5EFA080A2A254325003DDE35 /* VoidResult.swift in Sources */,
				9D26E8E72A1D5B5B001C201B /* NetworkingLogic.swift in Sources */,
				5E3021FC2A1F908C00219928 /* ResultPresenter.swift in Sources */,
				5E89BA2D2A17BAE3005E3381 /* SceneDelegate.swift in Sources */,
				5EFA08032A23C952003DDE35 /* UIAlertController+Extension.swift in Sources */,
				5E3022012A1F929200219928 /* TeamCell.swift in Sources */,
				5E3021F32A1EC93400219928 /* EndGamePresenter.swift in Sources */,
				852B89B12A20E11700360537 /* AddKeyViewController.swift in Sources */,
				852B89B72A20E11700360537 /* RoomInfoModuleConfigurator.swift in Sources */,
				5E46EDA02A17C42800F3FFAD /* AuthorizationRouter.swift in Sources */,
			);
			runOnlyForDeploymentPostprocessing = 0;
		};
/* End PBXSourcesBuildPhase section */

/* Begin PBXVariantGroup section */
		5E89BA352A17BAE5005E3381 /* LaunchScreen.storyboard */ = {
			isa = PBXVariantGroup;
			children = (
				5E89BA362A17BAE5005E3381 /* Base */,
			);
			name = LaunchScreen.storyboard;
			sourceTree = "<group>";
		};
/* End PBXVariantGroup section */

/* Begin XCBuildConfiguration section */
		5E89BA392A17BAE5005E3381 /* Debug */ = {
			isa = XCBuildConfiguration;
			buildSettings = {
				ALWAYS_SEARCH_USER_PATHS = NO;
				CLANG_ANALYZER_NONNULL = YES;
				CLANG_ANALYZER_NUMBER_OBJECT_CONVERSION = YES_AGGRESSIVE;
				CLANG_CXX_LANGUAGE_STANDARD = "gnu++17";
				CLANG_CXX_LIBRARY = "libc++";
				CLANG_ENABLE_MODULES = YES;
				CLANG_ENABLE_OBJC_ARC = YES;
				CLANG_ENABLE_OBJC_WEAK = YES;
				CLANG_WARN_BLOCK_CAPTURE_AUTORELEASING = YES;
				CLANG_WARN_BOOL_CONVERSION = YES;
				CLANG_WARN_COMMA = YES;
				CLANG_WARN_CONSTANT_CONVERSION = YES;
				CLANG_WARN_DEPRECATED_OBJC_IMPLEMENTATIONS = YES;
				CLANG_WARN_DIRECT_OBJC_ISA_USAGE = YES_ERROR;
				CLANG_WARN_DOCUMENTATION_COMMENTS = YES;
				CLANG_WARN_EMPTY_BODY = YES;
				CLANG_WARN_ENUM_CONVERSION = YES;
				CLANG_WARN_INFINITE_RECURSION = YES;
				CLANG_WARN_INT_CONVERSION = YES;
				CLANG_WARN_NON_LITERAL_NULL_CONVERSION = YES;
				CLANG_WARN_OBJC_IMPLICIT_RETAIN_SELF = YES;
				CLANG_WARN_OBJC_LITERAL_CONVERSION = YES;
				CLANG_WARN_OBJC_ROOT_CLASS = YES_ERROR;
				CLANG_WARN_QUOTED_INCLUDE_IN_FRAMEWORK_HEADER = YES;
				CLANG_WARN_RANGE_LOOP_ANALYSIS = YES;
				CLANG_WARN_STRICT_PROTOTYPES = YES;
				CLANG_WARN_SUSPICIOUS_MOVE = YES;
				CLANG_WARN_UNGUARDED_AVAILABILITY = YES_AGGRESSIVE;
				CLANG_WARN_UNREACHABLE_CODE = YES;
				CLANG_WARN__DUPLICATE_METHOD_MATCH = YES;
				COPY_PHASE_STRIP = NO;
				DEBUG_INFORMATION_FORMAT = dwarf;
				ENABLE_STRICT_OBJC_MSGSEND = YES;
				ENABLE_TESTABILITY = YES;
				GCC_C_LANGUAGE_STANDARD = gnu11;
				GCC_DYNAMIC_NO_PIC = NO;
				GCC_NO_COMMON_BLOCKS = YES;
				GCC_OPTIMIZATION_LEVEL = 0;
				GCC_PREPROCESSOR_DEFINITIONS = (
					"DEBUG=1",
					"$(inherited)",
				);
				GCC_WARN_64_TO_32_BIT_CONVERSION = YES;
				GCC_WARN_ABOUT_RETURN_TYPE = YES_ERROR;
				GCC_WARN_UNDECLARED_SELECTOR = YES;
				GCC_WARN_UNINITIALIZED_AUTOS = YES_AGGRESSIVE;
				GCC_WARN_UNUSED_FUNCTION = YES;
				GCC_WARN_UNUSED_VARIABLE = YES;
				IPHONEOS_DEPLOYMENT_TARGET = 15.2;
				MTL_ENABLE_DEBUG_INFO = INCLUDE_SOURCE;
				MTL_FAST_MATH = YES;
				ONLY_ACTIVE_ARCH = YES;
				SDKROOT = iphoneos;
				SWIFT_ACTIVE_COMPILATION_CONDITIONS = DEBUG;
				SWIFT_OPTIMIZATION_LEVEL = "-Onone";
			};
			name = Debug;
		};
		5E89BA3A2A17BAE5005E3381 /* Release */ = {
			isa = XCBuildConfiguration;
			buildSettings = {
				ALWAYS_SEARCH_USER_PATHS = NO;
				CLANG_ANALYZER_NONNULL = YES;
				CLANG_ANALYZER_NUMBER_OBJECT_CONVERSION = YES_AGGRESSIVE;
				CLANG_CXX_LANGUAGE_STANDARD = "gnu++17";
				CLANG_CXX_LIBRARY = "libc++";
				CLANG_ENABLE_MODULES = YES;
				CLANG_ENABLE_OBJC_ARC = YES;
				CLANG_ENABLE_OBJC_WEAK = YES;
				CLANG_WARN_BLOCK_CAPTURE_AUTORELEASING = YES;
				CLANG_WARN_BOOL_CONVERSION = YES;
				CLANG_WARN_COMMA = YES;
				CLANG_WARN_CONSTANT_CONVERSION = YES;
				CLANG_WARN_DEPRECATED_OBJC_IMPLEMENTATIONS = YES;
				CLANG_WARN_DIRECT_OBJC_ISA_USAGE = YES_ERROR;
				CLANG_WARN_DOCUMENTATION_COMMENTS = YES;
				CLANG_WARN_EMPTY_BODY = YES;
				CLANG_WARN_ENUM_CONVERSION = YES;
				CLANG_WARN_INFINITE_RECURSION = YES;
				CLANG_WARN_INT_CONVERSION = YES;
				CLANG_WARN_NON_LITERAL_NULL_CONVERSION = YES;
				CLANG_WARN_OBJC_IMPLICIT_RETAIN_SELF = YES;
				CLANG_WARN_OBJC_LITERAL_CONVERSION = YES;
				CLANG_WARN_OBJC_ROOT_CLASS = YES_ERROR;
				CLANG_WARN_QUOTED_INCLUDE_IN_FRAMEWORK_HEADER = YES;
				CLANG_WARN_RANGE_LOOP_ANALYSIS = YES;
				CLANG_WARN_STRICT_PROTOTYPES = YES;
				CLANG_WARN_SUSPICIOUS_MOVE = YES;
				CLANG_WARN_UNGUARDED_AVAILABILITY = YES_AGGRESSIVE;
				CLANG_WARN_UNREACHABLE_CODE = YES;
				CLANG_WARN__DUPLICATE_METHOD_MATCH = YES;
				COPY_PHASE_STRIP = NO;
				DEBUG_INFORMATION_FORMAT = "dwarf-with-dsym";
				ENABLE_NS_ASSERTIONS = NO;
				ENABLE_STRICT_OBJC_MSGSEND = YES;
				GCC_C_LANGUAGE_STANDARD = gnu11;
				GCC_NO_COMMON_BLOCKS = YES;
				GCC_WARN_64_TO_32_BIT_CONVERSION = YES;
				GCC_WARN_ABOUT_RETURN_TYPE = YES_ERROR;
				GCC_WARN_UNDECLARED_SELECTOR = YES;
				GCC_WARN_UNINITIALIZED_AUTOS = YES_AGGRESSIVE;
				GCC_WARN_UNUSED_FUNCTION = YES;
				GCC_WARN_UNUSED_VARIABLE = YES;
				IPHONEOS_DEPLOYMENT_TARGET = 15.2;
				MTL_ENABLE_DEBUG_INFO = NO;
				MTL_FAST_MATH = YES;
				SDKROOT = iphoneos;
				SWIFT_COMPILATION_MODE = wholemodule;
				SWIFT_OPTIMIZATION_LEVEL = "-O";
				VALIDATE_PRODUCT = YES;
			};
			name = Release;
		};
		5E89BA3C2A17BAE5005E3381 /* Debug */ = {
			isa = XCBuildConfiguration;
			buildSettings = {
				ASSETCATALOG_COMPILER_APPICON_NAME = AppIcon;
				ASSETCATALOG_COMPILER_GLOBAL_ACCENT_COLOR_NAME = AccentColor;
				CODE_SIGN_STYLE = Automatic;
				CURRENT_PROJECT_VERSION = 1;
				DEVELOPMENT_TEAM = CHVJJFPFSF;
				GENERATE_INFOPLIST_FILE = YES;
				INFOPLIST_FILE = "Client-Alias/Info.plist";
				INFOPLIST_KEY_UIApplicationSupportsIndirectInputEvents = YES;
				INFOPLIST_KEY_UILaunchStoryboardName = LaunchScreen;
				INFOPLIST_KEY_UISupportedInterfaceOrientations_iPad = "UIInterfaceOrientationPortrait UIInterfaceOrientationPortraitUpsideDown UIInterfaceOrientationLandscapeLeft UIInterfaceOrientationLandscapeRight";
				INFOPLIST_KEY_UISupportedInterfaceOrientations_iPhone = "UIInterfaceOrientationPortrait UIInterfaceOrientationLandscapeLeft UIInterfaceOrientationLandscapeRight";
				LD_RUNPATH_SEARCH_PATHS = (
					"$(inherited)",
					"@executable_path/Frameworks",
				);
				MARKETING_VERSION = 1.0;
				PRODUCT_BUNDLE_IDENTIFIER = "hse.Client-Alias17";
				PRODUCT_NAME = "$(TARGET_NAME)";
				SWIFT_EMIT_LOC_STRINGS = YES;
				SWIFT_VERSION = 5.0;
				TARGETED_DEVICE_FAMILY = "1,2";
			};
			name = Debug;
		};
		5E89BA3D2A17BAE5005E3381 /* Release */ = {
			isa = XCBuildConfiguration;
			buildSettings = {
				ASSETCATALOG_COMPILER_APPICON_NAME = AppIcon;
				ASSETCATALOG_COMPILER_GLOBAL_ACCENT_COLOR_NAME = AccentColor;
				CODE_SIGN_STYLE = Automatic;
				CURRENT_PROJECT_VERSION = 1;
				DEVELOPMENT_TEAM = CHVJJFPFSF;
				GENERATE_INFOPLIST_FILE = YES;
				INFOPLIST_FILE = "Client-Alias/Info.plist";
				INFOPLIST_KEY_UIApplicationSupportsIndirectInputEvents = YES;
				INFOPLIST_KEY_UILaunchStoryboardName = LaunchScreen;
				INFOPLIST_KEY_UISupportedInterfaceOrientations_iPad = "UIInterfaceOrientationPortrait UIInterfaceOrientationPortraitUpsideDown UIInterfaceOrientationLandscapeLeft UIInterfaceOrientationLandscapeRight";
				INFOPLIST_KEY_UISupportedInterfaceOrientations_iPhone = "UIInterfaceOrientationPortrait UIInterfaceOrientationLandscapeLeft UIInterfaceOrientationLandscapeRight";
				LD_RUNPATH_SEARCH_PATHS = (
					"$(inherited)",
					"@executable_path/Frameworks",
				);
				MARKETING_VERSION = 1.0;
				PRODUCT_BUNDLE_IDENTIFIER = "hse.Client-Alias17";
				PRODUCT_NAME = "$(TARGET_NAME)";
				SWIFT_EMIT_LOC_STRINGS = YES;
				SWIFT_VERSION = 5.0;
				TARGETED_DEVICE_FAMILY = "1,2";
			};
			name = Release;
		};
/* End XCBuildConfiguration section */

/* Begin XCConfigurationList section */
		5E89BA222A17BAE3005E3381 /* Build configuration list for PBXProject "Client-Alias" */ = {
			isa = XCConfigurationList;
			buildConfigurations = (
				5E89BA392A17BAE5005E3381 /* Debug */,
				5E89BA3A2A17BAE5005E3381 /* Release */,
			);
			defaultConfigurationIsVisible = 0;
			defaultConfigurationName = Release;
		};
		5E89BA3B2A17BAE5005E3381 /* Build configuration list for PBXNativeTarget "Client-Alias" */ = {
			isa = XCConfigurationList;
			buildConfigurations = (
				5E89BA3C2A17BAE5005E3381 /* Debug */,
				5E89BA3D2A17BAE5005E3381 /* Release */,
			);
			defaultConfigurationIsVisible = 0;
			defaultConfigurationName = Release;
		};
/* End XCConfigurationList section */

/* Begin XCRemoteSwiftPackageReference section */
		3E6EA9A92A2687C60032BFCA /* XCRemoteSwiftPackageReference "Starscream" */ = {
			isa = XCRemoteSwiftPackageReference;
			repositoryURL = "https://github.com/daltoniam/Starscream.git";
			requirement = {
				kind = upToNextMajorVersion;
				minimumVersion = 4.0.0;
			};
		};
		5E8F78632A1D2CD90079155E /* XCRemoteSwiftPackageReference "ZLSwipeableViewSwift" */ = {
			isa = XCRemoteSwiftPackageReference;
			repositoryURL = "https://github.com/zhxnlai/ZLSwipeableViewSwift";
			requirement = {
				branch = master;
				kind = branch;
			};
		};
/* End XCRemoteSwiftPackageReference section */

/* Begin XCSwiftPackageProductDependency section */
		3E6EA9AA2A2687C60032BFCA /* Starscream */ = {
			isa = XCSwiftPackageProductDependency;
			package = 3E6EA9A92A2687C60032BFCA /* XCRemoteSwiftPackageReference "Starscream" */;
			productName = Starscream;
		};
		5E8F78642A1D2CD90079155E /* ZLSwipeableViewSwift */ = {
			isa = XCSwiftPackageProductDependency;
			package = 5E8F78632A1D2CD90079155E /* XCRemoteSwiftPackageReference "ZLSwipeableViewSwift" */;
			productName = ZLSwipeableViewSwift;
		};
/* End XCSwiftPackageProductDependency section */
	};
	rootObject = 5E89BA1F2A17BAE3005E3381 /* Project object */;
}
